// !$*UTF8*$!
{
	archiveVersion = 1;
	classes = {
	};
	objectVersion = 42;
	objects = {

/* Begin PBXBuildFile section */
		BBAB23CB13894F3D00AA2426 /* GLUT.framework in CopyFiles */ = {isa = PBXBuildFile; fileRef = BBAB23BE13894E4700AA2426 /* GLUT.framework */; };
		CA0AF7511970F4BF004CDE32 /* ofxAssimpAnimation.cpp in Sources */ = {isa = PBXBuildFile; fileRef = CA0AF71D1970F4BE004CDE32 /* ofxAssimpAnimation.cpp */; };
		CA0AF7521970F4BF004CDE32 /* ofxAssimpMeshHelper.cpp in Sources */ = {isa = PBXBuildFile; fileRef = CA0AF71F1970F4BE004CDE32 /* ofxAssimpMeshHelper.cpp */; };
		CA0AF7531970F4BF004CDE32 /* ofxAssimpModelLoader.cpp in Sources */ = {isa = PBXBuildFile; fileRef = CA0AF7211970F4BE004CDE32 /* ofxAssimpModelLoader.cpp */; };
		CA0AF7541970F4BF004CDE32 /* ofxAssimpTexture.cpp in Sources */ = {isa = PBXBuildFile; fileRef = CA0AF7231970F4BE004CDE32 /* ofxAssimpTexture.cpp */; };
		CA0AF7551970F4BF004CDE32 /* assimp.a in Frameworks */ = {isa = PBXBuildFile; fileRef = CA0AF7501970F4BF004CDE32 /* assimp.a */; };
		CA2108C4196791F400D80677 /* ETF.cpp in Sources */ = {isa = PBXBuildFile; fileRef = CA2108A9196791F400D80677 /* ETF.cpp */; };
		CA2108C5196791F400D80677 /* fdog.cpp in Sources */ = {isa = PBXBuildFile; fileRef = CA2108AA196791F400D80677 /* fdog.cpp */; };
		CA2108C6196791F400D80677 /* Calibration.cpp in Sources */ = {isa = PBXBuildFile; fileRef = CA2108B9196791F400D80677 /* Calibration.cpp */; };
		CA2108C7196791F400D80677 /* ContourFinder.cpp in Sources */ = {isa = PBXBuildFile; fileRef = CA2108BA196791F400D80677 /* ContourFinder.cpp */; };
		CA2108C8196791F400D80677 /* Distance.cpp in Sources */ = {isa = PBXBuildFile; fileRef = CA2108BB196791F400D80677 /* Distance.cpp */; };
		CA2108C9196791F400D80677 /* Flow.cpp in Sources */ = {isa = PBXBuildFile; fileRef = CA2108BC196791F400D80677 /* Flow.cpp */; };
		CA2108CA196791F400D80677 /* Helpers.cpp in Sources */ = {isa = PBXBuildFile; fileRef = CA2108BD196791F400D80677 /* Helpers.cpp */; };
		CA2108CB196791F400D80677 /* ObjectFinder.cpp in Sources */ = {isa = PBXBuildFile; fileRef = CA2108BE196791F400D80677 /* ObjectFinder.cpp */; };
		CA2108CC196791F400D80677 /* RunningBackground.cpp in Sources */ = {isa = PBXBuildFile; fileRef = CA2108BF196791F400D80677 /* RunningBackground.cpp */; };
		CA2108CD196791F400D80677 /* Tracker.cpp in Sources */ = {isa = PBXBuildFile; fileRef = CA2108C0196791F400D80677 /* Tracker.cpp */; };
		CA2108CE196791F400D80677 /* Utilities.cpp in Sources */ = {isa = PBXBuildFile; fileRef = CA2108C1196791F400D80677 /* Utilities.cpp */; };
		CA2108CF196791F400D80677 /* Wrappers.cpp in Sources */ = {isa = PBXBuildFile; fileRef = CA2108C2196791F400D80677 /* Wrappers.cpp */; };
		CA2108D0196791F400D80677 /* opencv.a in Frameworks */ = {isa = PBXBuildFile; fileRef = CA2108C3196791F400D80677 /* opencv.a */; };
		CA21094B1967920200D80677 /* ofxCvColorImage.cpp in Sources */ = {isa = PBXBuildFile; fileRef = CA2108D41967920200D80677 /* ofxCvColorImage.cpp */; };
		CA21094C1967920200D80677 /* ofxCvContourFinder.cpp in Sources */ = {isa = PBXBuildFile; fileRef = CA2108D71967920200D80677 /* ofxCvContourFinder.cpp */; };
		CA21094D1967920200D80677 /* ofxCvFloatImage.cpp in Sources */ = {isa = PBXBuildFile; fileRef = CA2108D91967920200D80677 /* ofxCvFloatImage.cpp */; };
		CA21094E1967920200D80677 /* ofxCvGrayscaleImage.cpp in Sources */ = {isa = PBXBuildFile; fileRef = CA2108DB1967920200D80677 /* ofxCvGrayscaleImage.cpp */; };
		CA21094F1967920200D80677 /* ofxCvHaarFinder.cpp in Sources */ = {isa = PBXBuildFile; fileRef = CA2108DD1967920200D80677 /* ofxCvHaarFinder.cpp */; };
		CA2109501967920200D80677 /* ofxCvImage.cpp in Sources */ = {isa = PBXBuildFile; fileRef = CA2108DF1967920200D80677 /* ofxCvImage.cpp */; };
		CA2109511967920200D80677 /* ofxCvShortImage.cpp in Sources */ = {isa = PBXBuildFile; fileRef = CA2108E11967920200D80677 /* ofxCvShortImage.cpp */; };
		CA2109521967920200D80677 /* opencv.a in Frameworks */ = {isa = PBXBuildFile; fileRef = CA21094A1967920200D80677 /* opencv.a */; };
		CA21097619679B1900D80677 /* PatternTracker.cpp in Sources */ = {isa = PBXBuildFile; fileRef = CA21096E19679B1900D80677 /* PatternTracker.cpp */; };
		CA21097719679B1900D80677 /* ofxCvFeaturesTracker.cpp in Sources */ = {isa = PBXBuildFile; fileRef = CA21097319679B1900D80677 /* ofxCvFeaturesTracker.cpp */; };
		CA4C3012196791220066B95D /* ofxCvCameraProjectorCalibration.cpp in Sources */ = {isa = PBXBuildFile; fileRef = CA4C3010196791220066B95D /* ofxCvCameraProjectorCalibration.cpp */; };
		E4328149138ABC9F0047C5CB /* openFrameworksDebug.a in Frameworks */ = {isa = PBXBuildFile; fileRef = E4328148138ABC890047C5CB /* openFrameworksDebug.a */; };
		E45BE97B0E8CC7DD009D7055 /* AGL.framework in Frameworks */ = {isa = PBXBuildFile; fileRef = E45BE9710E8CC7DD009D7055 /* AGL.framework */; };
		E45BE97C0E8CC7DD009D7055 /* ApplicationServices.framework in Frameworks */ = {isa = PBXBuildFile; fileRef = E45BE9720E8CC7DD009D7055 /* ApplicationServices.framework */; };
		E45BE97D0E8CC7DD009D7055 /* AudioToolbox.framework in Frameworks */ = {isa = PBXBuildFile; fileRef = E45BE9730E8CC7DD009D7055 /* AudioToolbox.framework */; };
		E45BE97E0E8CC7DD009D7055 /* Carbon.framework in Frameworks */ = {isa = PBXBuildFile; fileRef = E45BE9740E8CC7DD009D7055 /* Carbon.framework */; };
		E45BE97F0E8CC7DD009D7055 /* CoreAudio.framework in Frameworks */ = {isa = PBXBuildFile; fileRef = E45BE9750E8CC7DD009D7055 /* CoreAudio.framework */; };
		E45BE9800E8CC7DD009D7055 /* CoreFoundation.framework in Frameworks */ = {isa = PBXBuildFile; fileRef = E45BE9760E8CC7DD009D7055 /* CoreFoundation.framework */; };
		E45BE9810E8CC7DD009D7055 /* CoreServices.framework in Frameworks */ = {isa = PBXBuildFile; fileRef = E45BE9770E8CC7DD009D7055 /* CoreServices.framework */; };
		E45BE9830E8CC7DD009D7055 /* OpenGL.framework in Frameworks */ = {isa = PBXBuildFile; fileRef = E45BE9790E8CC7DD009D7055 /* OpenGL.framework */; };
		E45BE9840E8CC7DD009D7055 /* QuickTime.framework in Frameworks */ = {isa = PBXBuildFile; fileRef = E45BE97A0E8CC7DD009D7055 /* QuickTime.framework */; };
		E4B69E200A3A1BDC003C02F2 /* main.cpp in Sources */ = {isa = PBXBuildFile; fileRef = E4B69E1D0A3A1BDC003C02F2 /* main.cpp */; };
		E4B69E210A3A1BDC003C02F2 /* testApp.cpp in Sources */ = {isa = PBXBuildFile; fileRef = E4B69E1E0A3A1BDC003C02F2 /* testApp.cpp */; };
		E4C2424710CC5A17004149E2 /* AppKit.framework in Frameworks */ = {isa = PBXBuildFile; fileRef = E4C2424410CC5A17004149E2 /* AppKit.framework */; };
		E4C2424810CC5A17004149E2 /* Cocoa.framework in Frameworks */ = {isa = PBXBuildFile; fileRef = E4C2424510CC5A17004149E2 /* Cocoa.framework */; };
		E4C2424910CC5A17004149E2 /* IOKit.framework in Frameworks */ = {isa = PBXBuildFile; fileRef = E4C2424610CC5A17004149E2 /* IOKit.framework */; };
		E4EB6799138ADC1D00A09F29 /* GLUT.framework in Frameworks */ = {isa = PBXBuildFile; fileRef = BBAB23BE13894E4700AA2426 /* GLUT.framework */; };
		E7E077E515D3B63C0020DFD4 /* CoreVideo.framework in Frameworks */ = {isa = PBXBuildFile; fileRef = E7E077E415D3B63C0020DFD4 /* CoreVideo.framework */; };
		E7E077E815D3B6510020DFD4 /* QTKit.framework in Frameworks */ = {isa = PBXBuildFile; fileRef = E7E077E715D3B6510020DFD4 /* QTKit.framework */; };
		E7F985F815E0DEA3003869B5 /* Accelerate.framework in Frameworks */ = {isa = PBXBuildFile; fileRef = E7F985F515E0DE99003869B5 /* Accelerate.framework */; };
/* End PBXBuildFile section */

/* Begin PBXContainerItemProxy section */
		E4328147138ABC890047C5CB /* PBXContainerItemProxy */ = {
			isa = PBXContainerItemProxy;
			containerPortal = E4328143138ABC890047C5CB /* openFrameworksLib.xcodeproj */;
			proxyType = 2;
			remoteGlobalIDString = E4B27C1510CBEB8E00536013;
			remoteInfo = openFrameworks;
		};
		E4EEB9AB138B136A00A80321 /* PBXContainerItemProxy */ = {
			isa = PBXContainerItemProxy;
			containerPortal = E4328143138ABC890047C5CB /* openFrameworksLib.xcodeproj */;
			proxyType = 1;
			remoteGlobalIDString = E4B27C1410CBEB8E00536013;
			remoteInfo = openFrameworks;
		};
/* End PBXContainerItemProxy section */

/* Begin PBXCopyFilesBuildPhase section */
		E4C2427710CC5ABF004149E2 /* CopyFiles */ = {
			isa = PBXCopyFilesBuildPhase;
			buildActionMask = 2147483647;
			dstPath = "";
			dstSubfolderSpec = 10;
			files = (
				BBAB23CB13894F3D00AA2426 /* GLUT.framework in CopyFiles */,
			);
			runOnlyForDeploymentPostprocessing = 0;
		};
/* End PBXCopyFilesBuildPhase section */

/* Begin PBXFileReference section */
		BBAB23BE13894E4700AA2426 /* GLUT.framework */ = {isa = PBXFileReference; lastKnownFileType = wrapper.framework; name = GLUT.framework; path = ../../../libs/glut/lib/osx/GLUT.framework; sourceTree = "<group>"; };
		CA0AF71D1970F4BE004CDE32 /* ofxAssimpAnimation.cpp */ = {isa = PBXFileReference; lastKnownFileType = sourcecode.cpp.cpp; path = ofxAssimpAnimation.cpp; sourceTree = "<group>"; };
		CA0AF71E1970F4BE004CDE32 /* ofxAssimpAnimation.h */ = {isa = PBXFileReference; lastKnownFileType = sourcecode.c.h; path = ofxAssimpAnimation.h; sourceTree = "<group>"; };
		CA0AF71F1970F4BE004CDE32 /* ofxAssimpMeshHelper.cpp */ = {isa = PBXFileReference; lastKnownFileType = sourcecode.cpp.cpp; path = ofxAssimpMeshHelper.cpp; sourceTree = "<group>"; };
		CA0AF7201970F4BE004CDE32 /* ofxAssimpMeshHelper.h */ = {isa = PBXFileReference; lastKnownFileType = sourcecode.c.h; path = ofxAssimpMeshHelper.h; sourceTree = "<group>"; };
		CA0AF7211970F4BE004CDE32 /* ofxAssimpModelLoader.cpp */ = {isa = PBXFileReference; lastKnownFileType = sourcecode.cpp.cpp; path = ofxAssimpModelLoader.cpp; sourceTree = "<group>"; };
		CA0AF7221970F4BE004CDE32 /* ofxAssimpModelLoader.h */ = {isa = PBXFileReference; lastKnownFileType = sourcecode.c.h; path = ofxAssimpModelLoader.h; sourceTree = "<group>"; };
		CA0AF7231970F4BE004CDE32 /* ofxAssimpTexture.cpp */ = {isa = PBXFileReference; lastKnownFileType = sourcecode.cpp.cpp; path = ofxAssimpTexture.cpp; sourceTree = "<group>"; };
		CA0AF7241970F4BE004CDE32 /* ofxAssimpTexture.h */ = {isa = PBXFileReference; lastKnownFileType = sourcecode.c.h; path = ofxAssimpTexture.h; sourceTree = "<group>"; };
		CA0AF7251970F4BE004CDE32 /* ofxAssimpUtils.h */ = {isa = PBXFileReference; lastKnownFileType = sourcecode.c.h; path = ofxAssimpUtils.h; sourceTree = "<group>"; };
		CA0AF7291970F4BE004CDE32 /* aiAnim.h */ = {isa = PBXFileReference; lastKnownFileType = sourcecode.c.h; path = aiAnim.h; sourceTree = "<group>"; };
		CA0AF72A1970F4BE004CDE32 /* aiAssert.h */ = {isa = PBXFileReference; lastKnownFileType = sourcecode.c.h; path = aiAssert.h; sourceTree = "<group>"; };
		CA0AF72B1970F4BE004CDE32 /* aiCamera.h */ = {isa = PBXFileReference; lastKnownFileType = sourcecode.c.h; path = aiCamera.h; sourceTree = "<group>"; };
		CA0AF72C1970F4BE004CDE32 /* aiColor4D.h */ = {isa = PBXFileReference; lastKnownFileType = sourcecode.c.h; path = aiColor4D.h; sourceTree = "<group>"; };
		CA0AF72D1970F4BE004CDE32 /* aiColor4D.inl */ = {isa = PBXFileReference; lastKnownFileType = text; path = aiColor4D.inl; sourceTree = "<group>"; };
		CA0AF72E1970F4BE004CDE32 /* aiConfig.h */ = {isa = PBXFileReference; lastKnownFileType = sourcecode.c.h; path = aiConfig.h; sourceTree = "<group>"; };
		CA0AF72F1970F4BE004CDE32 /* aiDefines.h */ = {isa = PBXFileReference; lastKnownFileType = sourcecode.c.h; path = aiDefines.h; sourceTree = "<group>"; };
		CA0AF7301970F4BE004CDE32 /* aiFileIO.h */ = {isa = PBXFileReference; lastKnownFileType = sourcecode.c.h; path = aiFileIO.h; sourceTree = "<group>"; };
		CA0AF7311970F4BE004CDE32 /* aiLight.h */ = {isa = PBXFileReference; lastKnownFileType = sourcecode.c.h; path = aiLight.h; sourceTree = "<group>"; };
		CA0AF7321970F4BE004CDE32 /* aiMaterial.h */ = {isa = PBXFileReference; lastKnownFileType = sourcecode.c.h; path = aiMaterial.h; sourceTree = "<group>"; };
		CA0AF7331970F4BE004CDE32 /* aiMaterial.inl */ = {isa = PBXFileReference; lastKnownFileType = text; path = aiMaterial.inl; sourceTree = "<group>"; };
		CA0AF7341970F4BE004CDE32 /* aiMatrix3x3.h */ = {isa = PBXFileReference; lastKnownFileType = sourcecode.c.h; path = aiMatrix3x3.h; sourceTree = "<group>"; };
		CA0AF7351970F4BE004CDE32 /* aiMatrix3x3.inl */ = {isa = PBXFileReference; lastKnownFileType = text; path = aiMatrix3x3.inl; sourceTree = "<group>"; };
		CA0AF7361970F4BE004CDE32 /* aiMatrix4x4.h */ = {isa = PBXFileReference; lastKnownFileType = sourcecode.c.h; path = aiMatrix4x4.h; sourceTree = "<group>"; };
		CA0AF7371970F4BE004CDE32 /* aiMatrix4x4.inl */ = {isa = PBXFileReference; lastKnownFileType = text; path = aiMatrix4x4.inl; sourceTree = "<group>"; };
		CA0AF7381970F4BE004CDE32 /* aiMesh.h */ = {isa = PBXFileReference; lastKnownFileType = sourcecode.c.h; path = aiMesh.h; sourceTree = "<group>"; };
		CA0AF7391970F4BE004CDE32 /* aiPostProcess.h */ = {isa = PBXFileReference; lastKnownFileType = sourcecode.c.h; path = aiPostProcess.h; sourceTree = "<group>"; };
		CA0AF73A1970F4BE004CDE32 /* aiQuaternion.h */ = {isa = PBXFileReference; lastKnownFileType = sourcecode.c.h; path = aiQuaternion.h; sourceTree = "<group>"; };
		CA0AF73B1970F4BE004CDE32 /* aiScene.h */ = {isa = PBXFileReference; lastKnownFileType = sourcecode.c.h; path = aiScene.h; sourceTree = "<group>"; };
		CA0AF73C1970F4BE004CDE32 /* aiTexture.h */ = {isa = PBXFileReference; lastKnownFileType = sourcecode.c.h; path = aiTexture.h; sourceTree = "<group>"; };
		CA0AF73D1970F4BE004CDE32 /* aiTypes.h */ = {isa = PBXFileReference; lastKnownFileType = sourcecode.c.h; path = aiTypes.h; sourceTree = "<group>"; };
		CA0AF73E1970F4BE004CDE32 /* aiVector2D.h */ = {isa = PBXFileReference; lastKnownFileType = sourcecode.c.h; path = aiVector2D.h; sourceTree = "<group>"; };
		CA0AF73F1970F4BE004CDE32 /* aiVector3D.h */ = {isa = PBXFileReference; lastKnownFileType = sourcecode.c.h; path = aiVector3D.h; sourceTree = "<group>"; };
		CA0AF7401970F4BE004CDE32 /* aiVector3D.inl */ = {isa = PBXFileReference; lastKnownFileType = text; path = aiVector3D.inl; sourceTree = "<group>"; };
		CA0AF7411970F4BE004CDE32 /* aiVersion.h */ = {isa = PBXFileReference; lastKnownFileType = sourcecode.c.h; path = aiVersion.h; sourceTree = "<group>"; };
		CA0AF7421970F4BE004CDE32 /* assimp.h */ = {isa = PBXFileReference; lastKnownFileType = sourcecode.c.h; path = assimp.h; sourceTree = "<group>"; };
		CA0AF7431970F4BE004CDE32 /* assimp.hpp */ = {isa = PBXFileReference; lastKnownFileType = sourcecode.cpp.h; path = assimp.hpp; sourceTree = "<group>"; };
		CA0AF7451970F4BE004CDE32 /* poppack1.h */ = {isa = PBXFileReference; lastKnownFileType = sourcecode.c.h; path = poppack1.h; sourceTree = "<group>"; };
		CA0AF7461970F4BE004CDE32 /* pushpack1.h */ = {isa = PBXFileReference; lastKnownFileType = sourcecode.c.h; path = pushpack1.h; sourceTree = "<group>"; };
		CA0AF7471970F4BE004CDE32 /* DefaultLogger.h */ = {isa = PBXFileReference; lastKnownFileType = sourcecode.c.h; path = DefaultLogger.h; sourceTree = "<group>"; };
		CA0AF7481970F4BE004CDE32 /* IOStream.h */ = {isa = PBXFileReference; lastKnownFileType = sourcecode.c.h; path = IOStream.h; sourceTree = "<group>"; };
		CA0AF7491970F4BE004CDE32 /* IOSystem.h */ = {isa = PBXFileReference; lastKnownFileType = sourcecode.c.h; path = IOSystem.h; sourceTree = "<group>"; };
		CA0AF74A1970F4BE004CDE32 /* Logger.h */ = {isa = PBXFileReference; lastKnownFileType = sourcecode.c.h; path = Logger.h; sourceTree = "<group>"; };
		CA0AF74B1970F4BE004CDE32 /* LogStream.h */ = {isa = PBXFileReference; lastKnownFileType = sourcecode.c.h; path = LogStream.h; sourceTree = "<group>"; };
		CA0AF74C1970F4BE004CDE32 /* NullLogger.h */ = {isa = PBXFileReference; lastKnownFileType = sourcecode.c.h; path = NullLogger.h; sourceTree = "<group>"; };
		CA0AF74D1970F4BE004CDE32 /* ProgressHandler.h */ = {isa = PBXFileReference; lastKnownFileType = sourcecode.c.h; path = ProgressHandler.h; sourceTree = "<group>"; };
		CA0AF7501970F4BF004CDE32 /* assimp.a */ = {isa = PBXFileReference; lastKnownFileType = archive.ar; path = assimp.a; sourceTree = "<group>"; };
		CA21089E196791F400D80677 /* ofxCv.h */ = {isa = PBXFileReference; lastKnownFileType = sourcecode.c.h; path = ofxCv.h; sourceTree = "<group>"; };
		CA2108A0196791F400D80677 /* .gitignore */ = {isa = PBXFileReference; lastKnownFileType = text; path = .gitignore; sourceTree = "<group>"; };
		CA2108A4196791F400D80677 /* ETF.h */ = {isa = PBXFileReference; lastKnownFileType = sourcecode.c.h; path = ETF.h; sourceTree = "<group>"; };
		CA2108A5196791F400D80677 /* fdog.h */ = {isa = PBXFileReference; lastKnownFileType = sourcecode.c.h; path = fdog.h; sourceTree = "<group>"; };
		CA2108A6196791F400D80677 /* imatrix.h */ = {isa = PBXFileReference; lastKnownFileType = sourcecode.c.h; path = imatrix.h; sourceTree = "<group>"; };
		CA2108A7196791F400D80677 /* myvec.h */ = {isa = PBXFileReference; lastKnownFileType = sourcecode.c.h; path = myvec.h; sourceTree = "<group>"; };
		CA2108A9196791F400D80677 /* ETF.cpp */ = {isa = PBXFileReference; lastKnownFileType = sourcecode.cpp.cpp; path = ETF.cpp; sourceTree = "<group>"; };
		CA2108AA196791F400D80677 /* fdog.cpp */ = {isa = PBXFileReference; lastKnownFileType = sourcecode.cpp.cpp; path = fdog.cpp; sourceTree = "<group>"; };
		CA2108AE196791F400D80677 /* Calibration.h */ = {isa = PBXFileReference; lastKnownFileType = sourcecode.c.h; path = Calibration.h; sourceTree = "<group>"; };
		CA2108AF196791F400D80677 /* ContourFinder.h */ = {isa = PBXFileReference; lastKnownFileType = sourcecode.c.h; path = ContourFinder.h; sourceTree = "<group>"; };
		CA2108B0196791F400D80677 /* Distance.h */ = {isa = PBXFileReference; lastKnownFileType = sourcecode.c.h; path = Distance.h; sourceTree = "<group>"; };
		CA2108B1196791F400D80677 /* Flow.h */ = {isa = PBXFileReference; lastKnownFileType = sourcecode.c.h; path = Flow.h; sourceTree = "<group>"; };
		CA2108B2196791F400D80677 /* Helpers.h */ = {isa = PBXFileReference; lastKnownFileType = sourcecode.c.h; path = Helpers.h; sourceTree = "<group>"; };
		CA2108B3196791F400D80677 /* ObjectFinder.h */ = {isa = PBXFileReference; lastKnownFileType = sourcecode.c.h; path = ObjectFinder.h; sourceTree = "<group>"; };
		CA2108B4196791F400D80677 /* RunningBackground.h */ = {isa = PBXFileReference; lastKnownFileType = sourcecode.c.h; path = RunningBackground.h; sourceTree = "<group>"; };
		CA2108B5196791F400D80677 /* Tracker.h */ = {isa = PBXFileReference; lastKnownFileType = sourcecode.c.h; path = Tracker.h; sourceTree = "<group>"; };
		CA2108B6196791F400D80677 /* Utilities.h */ = {isa = PBXFileReference; lastKnownFileType = sourcecode.c.h; path = Utilities.h; sourceTree = "<group>"; };
		CA2108B7196791F400D80677 /* Wrappers.h */ = {isa = PBXFileReference; lastKnownFileType = sourcecode.c.h; path = Wrappers.h; sourceTree = "<group>"; };
		CA2108B9196791F400D80677 /* Calibration.cpp */ = {isa = PBXFileReference; lastKnownFileType = sourcecode.cpp.cpp; path = Calibration.cpp; sourceTree = "<group>"; };
		CA2108BA196791F400D80677 /* ContourFinder.cpp */ = {isa = PBXFileReference; lastKnownFileType = sourcecode.cpp.cpp; path = ContourFinder.cpp; sourceTree = "<group>"; };
		CA2108BB196791F400D80677 /* Distance.cpp */ = {isa = PBXFileReference; lastKnownFileType = sourcecode.cpp.cpp; path = Distance.cpp; sourceTree = "<group>"; };
		CA2108BC196791F400D80677 /* Flow.cpp */ = {isa = PBXFileReference; lastKnownFileType = sourcecode.cpp.cpp; path = Flow.cpp; sourceTree = "<group>"; };
		CA2108BD196791F400D80677 /* Helpers.cpp */ = {isa = PBXFileReference; lastKnownFileType = sourcecode.cpp.cpp; path = Helpers.cpp; sourceTree = "<group>"; };
		CA2108BE196791F400D80677 /* ObjectFinder.cpp */ = {isa = PBXFileReference; lastKnownFileType = sourcecode.cpp.cpp; path = ObjectFinder.cpp; sourceTree = "<group>"; };
		CA2108BF196791F400D80677 /* RunningBackground.cpp */ = {isa = PBXFileReference; lastKnownFileType = sourcecode.cpp.cpp; path = RunningBackground.cpp; sourceTree = "<group>"; };
		CA2108C0196791F400D80677 /* Tracker.cpp */ = {isa = PBXFileReference; lastKnownFileType = sourcecode.cpp.cpp; path = Tracker.cpp; sourceTree = "<group>"; };
		CA2108C1196791F400D80677 /* Utilities.cpp */ = {isa = PBXFileReference; lastKnownFileType = sourcecode.cpp.cpp; path = Utilities.cpp; sourceTree = "<group>"; };
		CA2108C2196791F400D80677 /* Wrappers.cpp */ = {isa = PBXFileReference; lastKnownFileType = sourcecode.cpp.cpp; path = Wrappers.cpp; sourceTree = "<group>"; };
		CA2108C3196791F400D80677 /* opencv.a */ = {isa = PBXFileReference; lastKnownFileType = archive.ar; name = opencv.a; path = ../../../addons/ofxOpenCv/libs/opencv/lib/osx/opencv.a; sourceTree = "<group>"; };
		CA2108D31967920200D80677 /* ofxCvBlob.h */ = {isa = PBXFileReference; lastKnownFileType = sourcecode.c.h; path = ofxCvBlob.h; sourceTree = "<group>"; };
		CA2108D41967920200D80677 /* ofxCvColorImage.cpp */ = {isa = PBXFileReference; lastKnownFileType = sourcecode.cpp.cpp; path = ofxCvColorImage.cpp; sourceTree = "<group>"; };
		CA2108D51967920200D80677 /* ofxCvColorImage.h */ = {isa = PBXFileReference; lastKnownFileType = sourcecode.c.h; path = ofxCvColorImage.h; sourceTree = "<group>"; };
		CA2108D61967920200D80677 /* ofxCvConstants.h */ = {isa = PBXFileReference; lastKnownFileType = sourcecode.c.h; path = ofxCvConstants.h; sourceTree = "<group>"; };
		CA2108D71967920200D80677 /* ofxCvContourFinder.cpp */ = {isa = PBXFileReference; lastKnownFileType = sourcecode.cpp.cpp; path = ofxCvContourFinder.cpp; sourceTree = "<group>"; };
		CA2108D81967920200D80677 /* ofxCvContourFinder.h */ = {isa = PBXFileReference; lastKnownFileType = sourcecode.c.h; path = ofxCvContourFinder.h; sourceTree = "<group>"; };
		CA2108D91967920200D80677 /* ofxCvFloatImage.cpp */ = {isa = PBXFileReference; lastKnownFileType = sourcecode.cpp.cpp; path = ofxCvFloatImage.cpp; sourceTree = "<group>"; };
		CA2108DA1967920200D80677 /* ofxCvFloatImage.h */ = {isa = PBXFileReference; lastKnownFileType = sourcecode.c.h; path = ofxCvFloatImage.h; sourceTree = "<group>"; };
		CA2108DB1967920200D80677 /* ofxCvGrayscaleImage.cpp */ = {isa = PBXFileReference; lastKnownFileType = sourcecode.cpp.cpp; path = ofxCvGrayscaleImage.cpp; sourceTree = "<group>"; };
		CA2108DC1967920200D80677 /* ofxCvGrayscaleImage.h */ = {isa = PBXFileReference; lastKnownFileType = sourcecode.c.h; path = ofxCvGrayscaleImage.h; sourceTree = "<group>"; };
		CA2108DD1967920200D80677 /* ofxCvHaarFinder.cpp */ = {isa = PBXFileReference; lastKnownFileType = sourcecode.cpp.cpp; path = ofxCvHaarFinder.cpp; sourceTree = "<group>"; };
		CA2108DE1967920200D80677 /* ofxCvHaarFinder.h */ = {isa = PBXFileReference; lastKnownFileType = sourcecode.c.h; path = ofxCvHaarFinder.h; sourceTree = "<group>"; };
		CA2108DF1967920200D80677 /* ofxCvImage.cpp */ = {isa = PBXFileReference; lastKnownFileType = sourcecode.cpp.cpp; path = ofxCvImage.cpp; sourceTree = "<group>"; };
		CA2108E01967920200D80677 /* ofxCvImage.h */ = {isa = PBXFileReference; lastKnownFileType = sourcecode.c.h; path = ofxCvImage.h; sourceTree = "<group>"; };
		CA2108E11967920200D80677 /* ofxCvShortImage.cpp */ = {isa = PBXFileReference; lastKnownFileType = sourcecode.cpp.cpp; path = ofxCvShortImage.cpp; sourceTree = "<group>"; };
		CA2108E21967920200D80677 /* ofxCvShortImage.h */ = {isa = PBXFileReference; lastKnownFileType = sourcecode.c.h; path = ofxCvShortImage.h; sourceTree = "<group>"; };
		CA2108E31967920200D80677 /* ofxOpenCv.h */ = {isa = PBXFileReference; lastKnownFileType = sourcecode.c.h; path = ofxOpenCv.h; sourceTree = "<group>"; };
		CA2108E81967920200D80677 /* cv.h */ = {isa = PBXFileReference; lastKnownFileType = sourcecode.c.h; path = cv.h; sourceTree = "<group>"; };
		CA2108E91967920200D80677 /* cv.hpp */ = {isa = PBXFileReference; lastKnownFileType = sourcecode.cpp.h; path = cv.hpp; sourceTree = "<group>"; };
		CA2108EA1967920200D80677 /* cvaux.h */ = {isa = PBXFileReference; lastKnownFileType = sourcecode.c.h; path = cvaux.h; sourceTree = "<group>"; };
		CA2108EB1967920200D80677 /* cvaux.hpp */ = {isa = PBXFileReference; lastKnownFileType = sourcecode.cpp.h; path = cvaux.hpp; sourceTree = "<group>"; };
		CA2108EC1967920200D80677 /* cvwimage.h */ = {isa = PBXFileReference; lastKnownFileType = sourcecode.c.h; path = cvwimage.h; sourceTree = "<group>"; };
		CA2108ED1967920200D80677 /* cxcore.h */ = {isa = PBXFileReference; lastKnownFileType = sourcecode.c.h; path = cxcore.h; sourceTree = "<group>"; };
		CA2108EE1967920200D80677 /* cxcore.hpp */ = {isa = PBXFileReference; lastKnownFileType = sourcecode.cpp.h; path = cxcore.hpp; sourceTree = "<group>"; };
		CA2108EF1967920200D80677 /* cxeigen.hpp */ = {isa = PBXFileReference; lastKnownFileType = sourcecode.cpp.h; path = cxeigen.hpp; sourceTree = "<group>"; };
		CA2108F01967920200D80677 /* cxmisc.h */ = {isa = PBXFileReference; lastKnownFileType = sourcecode.c.h; path = cxmisc.h; sourceTree = "<group>"; };
		CA2108F11967920200D80677 /* highgui.h */ = {isa = PBXFileReference; lastKnownFileType = sourcecode.c.h; path = highgui.h; sourceTree = "<group>"; };
		CA2108F21967920200D80677 /* ml.h */ = {isa = PBXFileReference; lastKnownFileType = sourcecode.c.h; path = ml.h; sourceTree = "<group>"; };
		CA2108F51967920200D80677 /* calib3d.hpp */ = {isa = PBXFileReference; lastKnownFileType = sourcecode.cpp.h; path = calib3d.hpp; sourceTree = "<group>"; };
		CA2108F71967920200D80677 /* contrib.hpp */ = {isa = PBXFileReference; lastKnownFileType = sourcecode.cpp.h; path = contrib.hpp; sourceTree = "<group>"; };
		CA2108F81967920200D80677 /* retina.hpp */ = {isa = PBXFileReference; lastKnownFileType = sourcecode.cpp.h; path = retina.hpp; sourceTree = "<group>"; };
		CA2108FA1967920200D80677 /* core.hpp */ = {isa = PBXFileReference; lastKnownFileType = sourcecode.cpp.h; path = core.hpp; sourceTree = "<group>"; };
		CA2108FB1967920200D80677 /* core_c.h */ = {isa = PBXFileReference; lastKnownFileType = sourcecode.c.h; path = core_c.h; sourceTree = "<group>"; };
		CA2108FC1967920200D80677 /* eigen.hpp */ = {isa = PBXFileReference; lastKnownFileType = sourcecode.cpp.h; path = eigen.hpp; sourceTree = "<group>"; };
		CA2108FD1967920200D80677 /* internal.hpp */ = {isa = PBXFileReference; lastKnownFileType = sourcecode.cpp.h; path = internal.hpp; sourceTree = "<group>"; };
		CA2108FE1967920200D80677 /* mat.hpp */ = {isa = PBXFileReference; lastKnownFileType = sourcecode.cpp.h; path = mat.hpp; sourceTree = "<group>"; };
		CA2108FF1967920200D80677 /* operations.hpp */ = {isa = PBXFileReference; lastKnownFileType = sourcecode.cpp.h; path = operations.hpp; sourceTree = "<group>"; };
		CA2109001967920200D80677 /* types_c.h */ = {isa = PBXFileReference; lastKnownFileType = sourcecode.c.h; path = types_c.h; sourceTree = "<group>"; };
		CA2109011967920200D80677 /* version.hpp */ = {isa = PBXFileReference; lastKnownFileType = sourcecode.cpp.h; path = version.hpp; sourceTree = "<group>"; };
		CA2109021967920200D80677 /* wimage.hpp */ = {isa = PBXFileReference; lastKnownFileType = sourcecode.cpp.h; path = wimage.hpp; sourceTree = "<group>"; };
		CA2109041967920200D80677 /* features2d.hpp */ = {isa = PBXFileReference; lastKnownFileType = sourcecode.cpp.h; path = features2d.hpp; sourceTree = "<group>"; };
		CA2109061967920200D80677 /* all_indices.h */ = {isa = PBXFileReference; lastKnownFileType = sourcecode.c.h; path = all_indices.h; sourceTree = "<group>"; };
		CA2109071967920200D80677 /* allocator.h */ = {isa = PBXFileReference; lastKnownFileType = sourcecode.c.h; path = allocator.h; sourceTree = "<group>"; };
		CA2109081967920200D80677 /* any.h */ = {isa = PBXFileReference; lastKnownFileType = sourcecode.c.h; path = any.h; sourceTree = "<group>"; };
		CA2109091967920200D80677 /* autotuned_index.h */ = {isa = PBXFileReference; lastKnownFileType = sourcecode.c.h; path = autotuned_index.h; sourceTree = "<group>"; };
		CA21090A1967920200D80677 /* composite_index.h */ = {isa = PBXFileReference; lastKnownFileType = sourcecode.c.h; path = composite_index.h; sourceTree = "<group>"; };
		CA21090B1967920200D80677 /* config.h */ = {isa = PBXFileReference; lastKnownFileType = sourcecode.c.h; path = config.h; sourceTree = "<group>"; };
		CA21090C1967920200D80677 /* defines.h */ = {isa = PBXFileReference; lastKnownFileType = sourcecode.c.h; path = defines.h; sourceTree = "<group>"; };
		CA21090D1967920200D80677 /* dist.h */ = {isa = PBXFileReference; lastKnownFileType = sourcecode.c.h; path = dist.h; sourceTree = "<group>"; };
		CA21090E1967920200D80677 /* dummy.h */ = {isa = PBXFileReference; lastKnownFileType = sourcecode.c.h; path = dummy.h; sourceTree = "<group>"; };
		CA21090F1967920200D80677 /* dynamic_bitset.h */ = {isa = PBXFileReference; lastKnownFileType = sourcecode.c.h; path = dynamic_bitset.h; sourceTree = "<group>"; };
		CA2109101967920200D80677 /* flann.hpp */ = {isa = PBXFileReference; lastKnownFileType = sourcecode.cpp.h; path = flann.hpp; sourceTree = "<group>"; };
		CA2109111967920200D80677 /* flann_base.hpp */ = {isa = PBXFileReference; lastKnownFileType = sourcecode.cpp.h; path = flann_base.hpp; sourceTree = "<group>"; };
		CA2109121967920200D80677 /* general.h */ = {isa = PBXFileReference; lastKnownFileType = sourcecode.c.h; path = general.h; sourceTree = "<group>"; };
		CA2109131967920200D80677 /* ground_truth.h */ = {isa = PBXFileReference; lastKnownFileType = sourcecode.c.h; path = ground_truth.h; sourceTree = "<group>"; };
		CA2109141967920200D80677 /* hdf5.h */ = {isa = PBXFileReference; lastKnownFileType = sourcecode.c.h; path = hdf5.h; sourceTree = "<group>"; };
		CA2109151967920200D80677 /* heap.h */ = {isa = PBXFileReference; lastKnownFileType = sourcecode.c.h; path = heap.h; sourceTree = "<group>"; };
		CA2109161967920200D80677 /* hierarchical_clustering_index.h */ = {isa = PBXFileReference; lastKnownFileType = sourcecode.c.h; path = hierarchical_clustering_index.h; sourceTree = "<group>"; };
		CA2109171967920200D80677 /* index_testing.h */ = {isa = PBXFileReference; lastKnownFileType = sourcecode.c.h; path = index_testing.h; sourceTree = "<group>"; };
		CA2109181967920200D80677 /* kdtree_index.h */ = {isa = PBXFileReference; lastKnownFileType = sourcecode.c.h; path = kdtree_index.h; sourceTree = "<group>"; };
		CA2109191967920200D80677 /* kdtree_single_index.h */ = {isa = PBXFileReference; lastKnownFileType = sourcecode.c.h; path = kdtree_single_index.h; sourceTree = "<group>"; };
		CA21091A1967920200D80677 /* kmeans_index.h */ = {isa = PBXFileReference; lastKnownFileType = sourcecode.c.h; path = kmeans_index.h; sourceTree = "<group>"; };
		CA21091B1967920200D80677 /* linear_index.h */ = {isa = PBXFileReference; lastKnownFileType = sourcecode.c.h; path = linear_index.h; sourceTree = "<group>"; };
		CA21091C1967920200D80677 /* logger.h */ = {isa = PBXFileReference; lastKnownFileType = sourcecode.c.h; path = logger.h; sourceTree = "<group>"; };
		CA21091D1967920200D80677 /* lsh_index.h */ = {isa = PBXFileReference; lastKnownFileType = sourcecode.c.h; path = lsh_index.h; sourceTree = "<group>"; };
		CA21091E1967920200D80677 /* lsh_table.h */ = {isa = PBXFileReference; lastKnownFileType = sourcecode.c.h; path = lsh_table.h; sourceTree = "<group>"; };
		CA21091F1967920200D80677 /* matrix.h */ = {isa = PBXFileReference; lastKnownFileType = sourcecode.c.h; path = matrix.h; sourceTree = "<group>"; };
		CA2109201967920200D80677 /* miniflann.hpp */ = {isa = PBXFileReference; lastKnownFileType = sourcecode.cpp.h; path = miniflann.hpp; sourceTree = "<group>"; };
		CA2109211967920200D80677 /* nn_index.h */ = {isa = PBXFileReference; lastKnownFileType = sourcecode.c.h; path = nn_index.h; sourceTree = "<group>"; };
		CA2109221967920200D80677 /* object_factory.h */ = {isa = PBXFileReference; lastKnownFileType = sourcecode.c.h; path = object_factory.h; sourceTree = "<group>"; };
		CA2109231967920200D80677 /* params.h */ = {isa = PBXFileReference; lastKnownFileType = sourcecode.c.h; path = params.h; sourceTree = "<group>"; };
		CA2109241967920200D80677 /* random.h */ = {isa = PBXFileReference; lastKnownFileType = sourcecode.c.h; path = random.h; sourceTree = "<group>"; };
		CA2109251967920200D80677 /* result_set.h */ = {isa = PBXFileReference; lastKnownFileType = sourcecode.c.h; path = result_set.h; sourceTree = "<group>"; };
		CA2109261967920200D80677 /* sampling.h */ = {isa = PBXFileReference; lastKnownFileType = sourcecode.c.h; path = sampling.h; sourceTree = "<group>"; };
		CA2109271967920200D80677 /* saving.h */ = {isa = PBXFileReference; lastKnownFileType = sourcecode.c.h; path = saving.h; sourceTree = "<group>"; };
		CA2109281967920200D80677 /* simplex_downhill.h */ = {isa = PBXFileReference; lastKnownFileType = sourcecode.c.h; path = simplex_downhill.h; sourceTree = "<group>"; };
		CA2109291967920200D80677 /* timer.h */ = {isa = PBXFileReference; lastKnownFileType = sourcecode.c.h; path = timer.h; sourceTree = "<group>"; };
		CA21092B1967920200D80677 /* devmem2d.hpp */ = {isa = PBXFileReference; lastKnownFileType = sourcecode.cpp.h; path = devmem2d.hpp; sourceTree = "<group>"; };
		CA21092C1967920200D80677 /* gpu.hpp */ = {isa = PBXFileReference; lastKnownFileType = sourcecode.cpp.h; path = gpu.hpp; sourceTree = "<group>"; };
		CA21092D1967920200D80677 /* gpumat.hpp */ = {isa = PBXFileReference; lastKnownFileType = sourcecode.cpp.h; path = gpumat.hpp; sourceTree = "<group>"; };
		CA21092E1967920200D80677 /* matrix_operations.hpp */ = {isa = PBXFileReference; lastKnownFileType = sourcecode.cpp.h; path = matrix_operations.hpp; sourceTree = "<group>"; };
		CA21092F1967920200D80677 /* stream_accessor.hpp */ = {isa = PBXFileReference; lastKnownFileType = sourcecode.cpp.h; path = stream_accessor.hpp; sourceTree = "<group>"; };
		CA2109311967920200D80677 /* highgui.hpp */ = {isa = PBXFileReference; lastKnownFileType = sourcecode.cpp.h; path = highgui.hpp; sourceTree = "<group>"; };
		CA2109321967920200D80677 /* highgui_c.h */ = {isa = PBXFileReference; lastKnownFileType = sourcecode.c.h; path = highgui_c.h; sourceTree = "<group>"; };
		CA2109341967920200D80677 /* imgproc.hpp */ = {isa = PBXFileReference; lastKnownFileType = sourcecode.cpp.h; path = imgproc.hpp; sourceTree = "<group>"; };
		CA2109351967920200D80677 /* imgproc_c.h */ = {isa = PBXFileReference; lastKnownFileType = sourcecode.c.h; path = imgproc_c.h; sourceTree = "<group>"; };
		CA2109361967920200D80677 /* types_c.h */ = {isa = PBXFileReference; lastKnownFileType = sourcecode.c.h; path = types_c.h; sourceTree = "<group>"; };
		CA2109381967920200D80677 /* blobtrack.hpp */ = {isa = PBXFileReference; lastKnownFileType = sourcecode.cpp.h; path = blobtrack.hpp; sourceTree = "<group>"; };
		CA2109391967920200D80677 /* compat.hpp */ = {isa = PBXFileReference; lastKnownFileType = sourcecode.cpp.h; path = compat.hpp; sourceTree = "<group>"; };
		CA21093A1967920200D80677 /* legacy.hpp */ = {isa = PBXFileReference; lastKnownFileType = sourcecode.cpp.h; path = legacy.hpp; sourceTree = "<group>"; };
		CA21093B1967920200D80677 /* streams.hpp */ = {isa = PBXFileReference; lastKnownFileType = sourcecode.cpp.h; path = streams.hpp; sourceTree = "<group>"; };
		CA21093D1967920200D80677 /* ml.hpp */ = {isa = PBXFileReference; lastKnownFileType = sourcecode.cpp.h; path = ml.hpp; sourceTree = "<group>"; };
		CA21093F1967920200D80677 /* objdetect.hpp */ = {isa = PBXFileReference; lastKnownFileType = sourcecode.cpp.h; path = objdetect.hpp; sourceTree = "<group>"; };
		CA2109401967920200D80677 /* opencv.hpp */ = {isa = PBXFileReference; lastKnownFileType = sourcecode.cpp.h; path = opencv.hpp; sourceTree = "<group>"; };
		CA2109421967920200D80677 /* ts.hpp */ = {isa = PBXFileReference; lastKnownFileType = sourcecode.cpp.h; path = ts.hpp; sourceTree = "<group>"; };
		CA2109431967920200D80677 /* ts_gtest.h */ = {isa = PBXFileReference; lastKnownFileType = sourcecode.c.h; path = ts_gtest.h; sourceTree = "<group>"; };
		CA2109451967920200D80677 /* background_segm.hpp */ = {isa = PBXFileReference; lastKnownFileType = sourcecode.cpp.h; path = background_segm.hpp; sourceTree = "<group>"; };
		CA2109461967920200D80677 /* tracking.hpp */ = {isa = PBXFileReference; lastKnownFileType = sourcecode.cpp.h; path = tracking.hpp; sourceTree = "<group>"; };
		CA2109471967920200D80677 /* video.hpp */ = {isa = PBXFileReference; lastKnownFileType = sourcecode.cpp.h; path = video.hpp; sourceTree = "<group>"; };
		CA21094A1967920200D80677 /* opencv.a */ = {isa = PBXFileReference; lastKnownFileType = archive.ar; path = opencv.a; sourceTree = "<group>"; };
		CA21096C19679B1900D80677 /* addon_config.mk */ = {isa = PBXFileReference; fileEncoding = 4; lastKnownFileType = text; path = addon_config.mk; sourceTree = "<group>"; };
		CA21096E19679B1900D80677 /* PatternTracker.cpp */ = {isa = PBXFileReference; fileEncoding = 4; lastKnownFileType = sourcecode.cpp.cpp; path = PatternTracker.cpp; sourceTree = "<group>"; };
		CA21096F19679B1900D80677 /* PatternTracker.h */ = {isa = PBXFileReference; fileEncoding = 4; lastKnownFileType = sourcecode.c.h; path = PatternTracker.h; sourceTree = "<group>"; };
		CA21097019679B1900D80677 /* ofxaddons_thumbnail.png */ = {isa = PBXFileReference; lastKnownFileType = image.png; path = ofxaddons_thumbnail.png; sourceTree = "<group>"; };
		CA21097119679B1900D80677 /* readme.md */ = {isa = PBXFileReference; fileEncoding = 4; lastKnownFileType = text; path = readme.md; sourceTree = "<group>"; };
		CA21097319679B1900D80677 /* ofxCvFeaturesTracker.cpp */ = {isa = PBXFileReference; fileEncoding = 4; lastKnownFileType = sourcecode.cpp.cpp; path = ofxCvFeaturesTracker.cpp; sourceTree = "<group>"; };
		CA21097419679B1900D80677 /* ofxCvFeaturesTracker.h */ = {isa = PBXFileReference; fileEncoding = 4; lastKnownFileType = sourcecode.c.h; path = ofxCvFeaturesTracker.h; sourceTree = "<group>"; };
		CA21097519679B1900D80677 /* ofxCvFeaturesTrackerThreaded.h */ = {isa = PBXFileReference; fileEncoding = 4; lastKnownFileType = sourcecode.c.h; path = ofxCvFeaturesTrackerThreaded.h; sourceTree = "<group>"; };
		CA4C3010196791220066B95D /* ofxCvCameraProjectorCalibration.cpp */ = {isa = PBXFileReference; lastKnownFileType = sourcecode.cpp.cpp; path = ofxCvCameraProjectorCalibration.cpp; sourceTree = "<group>"; };
		CA4C3011196791220066B95D /* ofxCvCameraProjectorCalibration.h */ = {isa = PBXFileReference; lastKnownFileType = sourcecode.c.h; path = ofxCvCameraProjectorCalibration.h; sourceTree = "<group>"; };
		E4328143138ABC890047C5CB /* openFrameworksLib.xcodeproj */ = {isa = PBXFileReference; lastKnownFileType = "wrapper.pb-project"; name = openFrameworksLib.xcodeproj; path = ../../../libs/openFrameworksCompiled/project/osx/openFrameworksLib.xcodeproj; sourceTree = SOURCE_ROOT; };
		E45BE9710E8CC7DD009D7055 /* AGL.framework */ = {isa = PBXFileReference; lastKnownFileType = wrapper.framework; name = AGL.framework; path = /System/Library/Frameworks/AGL.framework; sourceTree = "<absolute>"; };
		E45BE9720E8CC7DD009D7055 /* ApplicationServices.framework */ = {isa = PBXFileReference; lastKnownFileType = wrapper.framework; name = ApplicationServices.framework; path = /System/Library/Frameworks/ApplicationServices.framework; sourceTree = "<absolute>"; };
		E45BE9730E8CC7DD009D7055 /* AudioToolbox.framework */ = {isa = PBXFileReference; lastKnownFileType = wrapper.framework; name = AudioToolbox.framework; path = /System/Library/Frameworks/AudioToolbox.framework; sourceTree = "<absolute>"; };
		E45BE9740E8CC7DD009D7055 /* Carbon.framework */ = {isa = PBXFileReference; lastKnownFileType = wrapper.framework; name = Carbon.framework; path = /System/Library/Frameworks/Carbon.framework; sourceTree = "<absolute>"; };
		E45BE9750E8CC7DD009D7055 /* CoreAudio.framework */ = {isa = PBXFileReference; lastKnownFileType = wrapper.framework; name = CoreAudio.framework; path = /System/Library/Frameworks/CoreAudio.framework; sourceTree = "<absolute>"; };
		E45BE9760E8CC7DD009D7055 /* CoreFoundation.framework */ = {isa = PBXFileReference; lastKnownFileType = wrapper.framework; name = CoreFoundation.framework; path = /System/Library/Frameworks/CoreFoundation.framework; sourceTree = "<absolute>"; };
		E45BE9770E8CC7DD009D7055 /* CoreServices.framework */ = {isa = PBXFileReference; lastKnownFileType = wrapper.framework; name = CoreServices.framework; path = /System/Library/Frameworks/CoreServices.framework; sourceTree = "<absolute>"; };
		E45BE9790E8CC7DD009D7055 /* OpenGL.framework */ = {isa = PBXFileReference; lastKnownFileType = wrapper.framework; name = OpenGL.framework; path = /System/Library/Frameworks/OpenGL.framework; sourceTree = "<absolute>"; };
		E45BE97A0E8CC7DD009D7055 /* QuickTime.framework */ = {isa = PBXFileReference; lastKnownFileType = wrapper.framework; name = QuickTime.framework; path = /System/Library/Frameworks/QuickTime.framework; sourceTree = "<absolute>"; };
		E4B69B5B0A3A1756003C02F2 /* example-feature-trackerDebug.app */ = {isa = PBXFileReference; explicitFileType = wrapper.application; includeInIndex = 0; path = "example-feature-trackerDebug.app"; sourceTree = BUILT_PRODUCTS_DIR; };
		E4B69E1D0A3A1BDC003C02F2 /* main.cpp */ = {isa = PBXFileReference; fileEncoding = 30; lastKnownFileType = sourcecode.cpp.cpp; name = main.cpp; path = src/main.cpp; sourceTree = SOURCE_ROOT; };
		E4B69E1E0A3A1BDC003C02F2 /* testApp.cpp */ = {isa = PBXFileReference; explicitFileType = sourcecode.cpp.cpp; fileEncoding = 30; name = testApp.cpp; path = src/testApp.cpp; sourceTree = SOURCE_ROOT; };
		E4B69E1F0A3A1BDC003C02F2 /* testApp.h */ = {isa = PBXFileReference; fileEncoding = 30; lastKnownFileType = sourcecode.c.h; name = testApp.h; path = src/testApp.h; sourceTree = SOURCE_ROOT; };
		E4B6FCAD0C3E899E008CF71C /* openFrameworks-Info.plist */ = {isa = PBXFileReference; fileEncoding = 30; lastKnownFileType = text.plist.xml; path = "openFrameworks-Info.plist"; sourceTree = "<group>"; };
		E4C2424410CC5A17004149E2 /* AppKit.framework */ = {isa = PBXFileReference; lastKnownFileType = wrapper.framework; name = AppKit.framework; path = /System/Library/Frameworks/AppKit.framework; sourceTree = "<absolute>"; };
		E4C2424510CC5A17004149E2 /* Cocoa.framework */ = {isa = PBXFileReference; lastKnownFileType = wrapper.framework; name = Cocoa.framework; path = /System/Library/Frameworks/Cocoa.framework; sourceTree = "<absolute>"; };
		E4C2424610CC5A17004149E2 /* IOKit.framework */ = {isa = PBXFileReference; lastKnownFileType = wrapper.framework; name = IOKit.framework; path = /System/Library/Frameworks/IOKit.framework; sourceTree = "<absolute>"; };
		E4EB691F138AFCF100A09F29 /* CoreOF.xcconfig */ = {isa = PBXFileReference; fileEncoding = 4; lastKnownFileType = text.xcconfig; name = CoreOF.xcconfig; path = ../../../libs/openFrameworksCompiled/project/osx/CoreOF.xcconfig; sourceTree = SOURCE_ROOT; };
		E4EB6923138AFD0F00A09F29 /* Project.xcconfig */ = {isa = PBXFileReference; fileEncoding = 4; lastKnownFileType = text.xcconfig; path = Project.xcconfig; sourceTree = "<group>"; };
		E7E077E415D3B63C0020DFD4 /* CoreVideo.framework */ = {isa = PBXFileReference; lastKnownFileType = wrapper.framework; name = CoreVideo.framework; path = /System/Library/Frameworks/CoreVideo.framework; sourceTree = "<absolute>"; };
		E7E077E715D3B6510020DFD4 /* QTKit.framework */ = {isa = PBXFileReference; lastKnownFileType = wrapper.framework; name = QTKit.framework; path = /System/Library/Frameworks/QTKit.framework; sourceTree = "<absolute>"; };
		E7F985F515E0DE99003869B5 /* Accelerate.framework */ = {isa = PBXFileReference; lastKnownFileType = wrapper.framework; name = Accelerate.framework; path = /System/Library/Frameworks/Accelerate.framework; sourceTree = "<absolute>"; };
/* End PBXFileReference section */

/* Begin PBXFrameworksBuildPhase section */
		E4B69B590A3A1756003C02F2 /* Frameworks */ = {
			isa = PBXFrameworksBuildPhase;
			buildActionMask = 2147483647;
			files = (
				E7F985F815E0DEA3003869B5 /* Accelerate.framework in Frameworks */,
				E7E077E815D3B6510020DFD4 /* QTKit.framework in Frameworks */,
				E4EB6799138ADC1D00A09F29 /* GLUT.framework in Frameworks */,
				CA2109521967920200D80677 /* opencv.a in Frameworks */,
				CA2108D0196791F400D80677 /* opencv.a in Frameworks */,
				E4328149138ABC9F0047C5CB /* openFrameworksDebug.a in Frameworks */,
				E45BE97B0E8CC7DD009D7055 /* AGL.framework in Frameworks */,
				E45BE97C0E8CC7DD009D7055 /* ApplicationServices.framework in Frameworks */,
				E45BE97D0E8CC7DD009D7055 /* AudioToolbox.framework in Frameworks */,
				E45BE97E0E8CC7DD009D7055 /* Carbon.framework in Frameworks */,
				E45BE97F0E8CC7DD009D7055 /* CoreAudio.framework in Frameworks */,
				E45BE9800E8CC7DD009D7055 /* CoreFoundation.framework in Frameworks */,
				E45BE9810E8CC7DD009D7055 /* CoreServices.framework in Frameworks */,
				E45BE9830E8CC7DD009D7055 /* OpenGL.framework in Frameworks */,
				E45BE9840E8CC7DD009D7055 /* QuickTime.framework in Frameworks */,
				E4C2424710CC5A17004149E2 /* AppKit.framework in Frameworks */,
				CA0AF7551970F4BF004CDE32 /* assimp.a in Frameworks */,
				E4C2424810CC5A17004149E2 /* Cocoa.framework in Frameworks */,
				E4C2424910CC5A17004149E2 /* IOKit.framework in Frameworks */,
				E7E077E515D3B63C0020DFD4 /* CoreVideo.framework in Frameworks */,
			);
			runOnlyForDeploymentPostprocessing = 0;
		};
/* End PBXFrameworksBuildPhase section */

/* Begin PBXGroup section */
		BB4B014C10F69532006C3DED /* addons */ = {
			isa = PBXGroup;
			children = (
				CA0AF71B1970F4BE004CDE32 /* ofxAssimpModelLoader */,
				CA2108D11967920200D80677 /* ofxOpenCv */,
				CA21089C196791F400D80677 /* ofxCv */,
				CA4C300E196791220066B95D /* ofxCvCameraProjectorCalibration */,
			);
			name = addons;
			sourceTree = "<group>";
		};
		BBAB23C913894ECA00AA2426 /* system frameworks */ = {
			isa = PBXGroup;
			children = (
				E7F985F515E0DE99003869B5 /* Accelerate.framework */,
				E4C2424410CC5A17004149E2 /* AppKit.framework */,
				E4C2424510CC5A17004149E2 /* Cocoa.framework */,
				E4C2424610CC5A17004149E2 /* IOKit.framework */,
				E45BE9710E8CC7DD009D7055 /* AGL.framework */,
				E45BE9720E8CC7DD009D7055 /* ApplicationServices.framework */,
				E45BE9730E8CC7DD009D7055 /* AudioToolbox.framework */,
				E45BE9740E8CC7DD009D7055 /* Carbon.framework */,
				E45BE9750E8CC7DD009D7055 /* CoreAudio.framework */,
				E45BE9760E8CC7DD009D7055 /* CoreFoundation.framework */,
				E45BE9770E8CC7DD009D7055 /* CoreServices.framework */,
				E45BE9790E8CC7DD009D7055 /* OpenGL.framework */,
				E45BE97A0E8CC7DD009D7055 /* QuickTime.framework */,
				E7E077E415D3B63C0020DFD4 /* CoreVideo.framework */,
				E7E077E715D3B6510020DFD4 /* QTKit.framework */,
			);
			name = "system frameworks";
			sourceTree = "<group>";
		};
		BBAB23CA13894EDB00AA2426 /* 3rd party frameworks */ = {
			isa = PBXGroup;
			children = (
				BBAB23BE13894E4700AA2426 /* GLUT.framework */,
			);
			name = "3rd party frameworks";
			sourceTree = "<group>";
		};
		CA0AF71B1970F4BE004CDE32 /* ofxAssimpModelLoader */ = {
			isa = PBXGroup;
			children = (
				CA0AF71C1970F4BE004CDE32 /* src */,
				CA0AF7261970F4BE004CDE32 /* libs */,
			);
			name = ofxAssimpModelLoader;
			sourceTree = "<group>";
		};
		CA0AF71C1970F4BE004CDE32 /* src */ = {
			isa = PBXGroup;
			children = (
				CA0AF71D1970F4BE004CDE32 /* ofxAssimpAnimation.cpp */,
				CA0AF71E1970F4BE004CDE32 /* ofxAssimpAnimation.h */,
				CA0AF71F1970F4BE004CDE32 /* ofxAssimpMeshHelper.cpp */,
				CA0AF7201970F4BE004CDE32 /* ofxAssimpMeshHelper.h */,
				CA0AF7211970F4BE004CDE32 /* ofxAssimpModelLoader.cpp */,
				CA0AF7221970F4BE004CDE32 /* ofxAssimpModelLoader.h */,
				CA0AF7231970F4BE004CDE32 /* ofxAssimpTexture.cpp */,
				CA0AF7241970F4BE004CDE32 /* ofxAssimpTexture.h */,
				CA0AF7251970F4BE004CDE32 /* ofxAssimpUtils.h */,
			);
			name = src;
			path = ../../../addons/ofxAssimpModelLoader/src;
			sourceTree = "<group>";
		};
		CA0AF7261970F4BE004CDE32 /* libs */ = {
			isa = PBXGroup;
			children = (
				CA0AF7271970F4BE004CDE32 /* assimp */,
			);
			name = libs;
			path = ../../../addons/ofxAssimpModelLoader/libs;
			sourceTree = "<group>";
		};
		CA0AF7271970F4BE004CDE32 /* assimp */ = {
			isa = PBXGroup;
			children = (
				CA0AF7281970F4BE004CDE32 /* include */,
				CA0AF74E1970F4BE004CDE32 /* lib */,
			);
			path = assimp;
			sourceTree = "<group>";
		};
		CA0AF7281970F4BE004CDE32 /* include */ = {
			isa = PBXGroup;
			children = (
				CA0AF7291970F4BE004CDE32 /* aiAnim.h */,
				CA0AF72A1970F4BE004CDE32 /* aiAssert.h */,
				CA0AF72B1970F4BE004CDE32 /* aiCamera.h */,
				CA0AF72C1970F4BE004CDE32 /* aiColor4D.h */,
				CA0AF72D1970F4BE004CDE32 /* aiColor4D.inl */,
				CA0AF72E1970F4BE004CDE32 /* aiConfig.h */,
				CA0AF72F1970F4BE004CDE32 /* aiDefines.h */,
				CA0AF7301970F4BE004CDE32 /* aiFileIO.h */,
				CA0AF7311970F4BE004CDE32 /* aiLight.h */,
				CA0AF7321970F4BE004CDE32 /* aiMaterial.h */,
				CA0AF7331970F4BE004CDE32 /* aiMaterial.inl */,
				CA0AF7341970F4BE004CDE32 /* aiMatrix3x3.h */,
				CA0AF7351970F4BE004CDE32 /* aiMatrix3x3.inl */,
				CA0AF7361970F4BE004CDE32 /* aiMatrix4x4.h */,
				CA0AF7371970F4BE004CDE32 /* aiMatrix4x4.inl */,
				CA0AF7381970F4BE004CDE32 /* aiMesh.h */,
				CA0AF7391970F4BE004CDE32 /* aiPostProcess.h */,
				CA0AF73A1970F4BE004CDE32 /* aiQuaternion.h */,
				CA0AF73B1970F4BE004CDE32 /* aiScene.h */,
				CA0AF73C1970F4BE004CDE32 /* aiTexture.h */,
				CA0AF73D1970F4BE004CDE32 /* aiTypes.h */,
				CA0AF73E1970F4BE004CDE32 /* aiVector2D.h */,
				CA0AF73F1970F4BE004CDE32 /* aiVector3D.h */,
				CA0AF7401970F4BE004CDE32 /* aiVector3D.inl */,
				CA0AF7411970F4BE004CDE32 /* aiVersion.h */,
				CA0AF7421970F4BE004CDE32 /* assimp.h */,
				CA0AF7431970F4BE004CDE32 /* assimp.hpp */,
				CA0AF7441970F4BE004CDE32 /* Compiler */,
				CA0AF7471970F4BE004CDE32 /* DefaultLogger.h */,
				CA0AF7481970F4BE004CDE32 /* IOStream.h */,
				CA0AF7491970F4BE004CDE32 /* IOSystem.h */,
				CA0AF74A1970F4BE004CDE32 /* Logger.h */,
				CA0AF74B1970F4BE004CDE32 /* LogStream.h */,
				CA0AF74C1970F4BE004CDE32 /* NullLogger.h */,
				CA0AF74D1970F4BE004CDE32 /* ProgressHandler.h */,
			);
			path = include;
			sourceTree = "<group>";
		};
		CA0AF7441970F4BE004CDE32 /* Compiler */ = {
			isa = PBXGroup;
			children = (
				CA0AF7451970F4BE004CDE32 /* poppack1.h */,
				CA0AF7461970F4BE004CDE32 /* pushpack1.h */,
			);
			path = Compiler;
			sourceTree = "<group>";
		};
		CA0AF74E1970F4BE004CDE32 /* lib */ = {
			isa = PBXGroup;
			children = (
				CA0AF74F1970F4BF004CDE32 /* osx */,
			);
			path = lib;
			sourceTree = "<group>";
		};
		CA0AF74F1970F4BF004CDE32 /* osx */ = {
			isa = PBXGroup;
			children = (
				CA0AF7501970F4BF004CDE32 /* assimp.a */,
			);
			path = osx;
			sourceTree = "<group>";
		};
		CA21089C196791F400D80677 /* ofxCv */ = {
			isa = PBXGroup;
			children = (
				CA21089D196791F400D80677 /* src */,
				CA21089F196791F400D80677 /* libs */,
				CA2108C3196791F400D80677 /* opencv.a */,
			);
			name = ofxCv;
			sourceTree = "<group>";
		};
		CA21089D196791F400D80677 /* src */ = {
			isa = PBXGroup;
			children = (
				CA21089E196791F400D80677 /* ofxCv.h */,
			);
			name = src;
			path = ../../../addons/ofxCv/src;
			sourceTree = "<group>";
		};
		CA21089F196791F400D80677 /* libs */ = {
			isa = PBXGroup;
			children = (
				CA2108A0196791F400D80677 /* .gitignore */,
				CA2108A1196791F400D80677 /* CLD */,
				CA2108AB196791F400D80677 /* ofxCv */,
			);
			name = libs;
			path = ../../../addons/ofxCv/libs;
			sourceTree = "<group>";
		};
		CA2108A1196791F400D80677 /* CLD */ = {
			isa = PBXGroup;
			children = (
				CA2108A2196791F400D80677 /* include */,
				CA2108A8196791F400D80677 /* src */,
			);
			path = CLD;
			sourceTree = "<group>";
		};
		CA2108A2196791F400D80677 /* include */ = {
			isa = PBXGroup;
			children = (
				CA2108A3196791F400D80677 /* CLD */,
			);
			path = include;
			sourceTree = "<group>";
		};
		CA2108A3196791F400D80677 /* CLD */ = {
			isa = PBXGroup;
			children = (
				CA2108A4196791F400D80677 /* ETF.h */,
				CA2108A5196791F400D80677 /* fdog.h */,
				CA2108A6196791F400D80677 /* imatrix.h */,
				CA2108A7196791F400D80677 /* myvec.h */,
			);
			path = CLD;
			sourceTree = "<group>";
		};
		CA2108A8196791F400D80677 /* src */ = {
			isa = PBXGroup;
			children = (
				CA2108A9196791F400D80677 /* ETF.cpp */,
				CA2108AA196791F400D80677 /* fdog.cpp */,
			);
			path = src;
			sourceTree = "<group>";
		};
		CA2108AB196791F400D80677 /* ofxCv */ = {
			isa = PBXGroup;
			children = (
				CA2108AC196791F400D80677 /* include */,
				CA2108B8196791F400D80677 /* src */,
			);
			path = ofxCv;
			sourceTree = "<group>";
		};
		CA2108AC196791F400D80677 /* include */ = {
			isa = PBXGroup;
			children = (
				CA2108AD196791F400D80677 /* ofxCv */,
			);
			path = include;
			sourceTree = "<group>";
		};
		CA2108AD196791F400D80677 /* ofxCv */ = {
			isa = PBXGroup;
			children = (
				CA2108AE196791F400D80677 /* Calibration.h */,
				CA2108AF196791F400D80677 /* ContourFinder.h */,
				CA2108B0196791F400D80677 /* Distance.h */,
				CA2108B1196791F400D80677 /* Flow.h */,
				CA2108B2196791F400D80677 /* Helpers.h */,
				CA2108B3196791F400D80677 /* ObjectFinder.h */,
				CA2108B4196791F400D80677 /* RunningBackground.h */,
				CA2108B5196791F400D80677 /* Tracker.h */,
				CA2108B6196791F400D80677 /* Utilities.h */,
				CA2108B7196791F400D80677 /* Wrappers.h */,
			);
			path = ofxCv;
			sourceTree = "<group>";
		};
		CA2108B8196791F400D80677 /* src */ = {
			isa = PBXGroup;
			children = (
				CA2108B9196791F400D80677 /* Calibration.cpp */,
				CA2108BA196791F400D80677 /* ContourFinder.cpp */,
				CA2108BB196791F400D80677 /* Distance.cpp */,
				CA2108BC196791F400D80677 /* Flow.cpp */,
				CA2108BD196791F400D80677 /* Helpers.cpp */,
				CA2108BE196791F400D80677 /* ObjectFinder.cpp */,
				CA2108BF196791F400D80677 /* RunningBackground.cpp */,
				CA2108C0196791F400D80677 /* Tracker.cpp */,
				CA2108C1196791F400D80677 /* Utilities.cpp */,
				CA2108C2196791F400D80677 /* Wrappers.cpp */,
			);
			path = src;
			sourceTree = "<group>";
		};
		CA2108D11967920200D80677 /* ofxOpenCv */ = {
			isa = PBXGroup;
			children = (
				CA2108D21967920200D80677 /* src */,
				CA2108E41967920200D80677 /* libs */,
			);
			name = ofxOpenCv;
			sourceTree = "<group>";
		};
		CA2108D21967920200D80677 /* src */ = {
			isa = PBXGroup;
			children = (
				CA2108D31967920200D80677 /* ofxCvBlob.h */,
				CA2108D41967920200D80677 /* ofxCvColorImage.cpp */,
				CA2108D51967920200D80677 /* ofxCvColorImage.h */,
				CA2108D61967920200D80677 /* ofxCvConstants.h */,
				CA2108D71967920200D80677 /* ofxCvContourFinder.cpp */,
				CA2108D81967920200D80677 /* ofxCvContourFinder.h */,
				CA2108D91967920200D80677 /* ofxCvFloatImage.cpp */,
				CA2108DA1967920200D80677 /* ofxCvFloatImage.h */,
				CA2108DB1967920200D80677 /* ofxCvGrayscaleImage.cpp */,
				CA2108DC1967920200D80677 /* ofxCvGrayscaleImage.h */,
				CA2108DD1967920200D80677 /* ofxCvHaarFinder.cpp */,
				CA2108DE1967920200D80677 /* ofxCvHaarFinder.h */,
				CA2108DF1967920200D80677 /* ofxCvImage.cpp */,
				CA2108E01967920200D80677 /* ofxCvImage.h */,
				CA2108E11967920200D80677 /* ofxCvShortImage.cpp */,
				CA2108E21967920200D80677 /* ofxCvShortImage.h */,
				CA2108E31967920200D80677 /* ofxOpenCv.h */,
			);
			name = src;
			path = ../../../addons/ofxOpenCv/src;
			sourceTree = "<group>";
		};
		CA2108E41967920200D80677 /* libs */ = {
			isa = PBXGroup;
			children = (
				CA2108E51967920200D80677 /* opencv */,
			);
			name = libs;
			path = ../../../addons/ofxOpenCv/libs;
			sourceTree = "<group>";
		};
		CA2108E51967920200D80677 /* opencv */ = {
			isa = PBXGroup;
			children = (
				CA2108E61967920200D80677 /* include */,
				CA2109481967920200D80677 /* lib */,
			);
			path = opencv;
			sourceTree = "<group>";
		};
		CA2108E61967920200D80677 /* include */ = {
			isa = PBXGroup;
			children = (
				CA2108E71967920200D80677 /* opencv */,
				CA2108F31967920200D80677 /* opencv2 */,
			);
			path = include;
			sourceTree = "<group>";
		};
		CA2108E71967920200D80677 /* opencv */ = {
			isa = PBXGroup;
			children = (
				CA2108E81967920200D80677 /* cv.h */,
				CA2108E91967920200D80677 /* cv.hpp */,
				CA2108EA1967920200D80677 /* cvaux.h */,
				CA2108EB1967920200D80677 /* cvaux.hpp */,
				CA2108EC1967920200D80677 /* cvwimage.h */,
				CA2108ED1967920200D80677 /* cxcore.h */,
				CA2108EE1967920200D80677 /* cxcore.hpp */,
				CA2108EF1967920200D80677 /* cxeigen.hpp */,
				CA2108F01967920200D80677 /* cxmisc.h */,
				CA2108F11967920200D80677 /* highgui.h */,
				CA2108F21967920200D80677 /* ml.h */,
			);
			path = opencv;
			sourceTree = "<group>";
		};
		CA2108F31967920200D80677 /* opencv2 */ = {
			isa = PBXGroup;
			children = (
				CA2108F41967920200D80677 /* calib3d */,
				CA2108F61967920200D80677 /* contrib */,
				CA2108F91967920200D80677 /* core */,
				CA2109031967920200D80677 /* features2d */,
				CA2109051967920200D80677 /* flann */,
				CA21092A1967920200D80677 /* gpu */,
				CA2109301967920200D80677 /* highgui */,
				CA2109331967920200D80677 /* imgproc */,
				CA2109371967920200D80677 /* legacy */,
				CA21093C1967920200D80677 /* ml */,
				CA21093E1967920200D80677 /* objdetect */,
				CA2109401967920200D80677 /* opencv.hpp */,
				CA2109411967920200D80677 /* ts */,
				CA2109441967920200D80677 /* video */,
			);
			path = opencv2;
			sourceTree = "<group>";
		};
		CA2108F41967920200D80677 /* calib3d */ = {
			isa = PBXGroup;
			children = (
				CA2108F51967920200D80677 /* calib3d.hpp */,
			);
			path = calib3d;
			sourceTree = "<group>";
		};
		CA2108F61967920200D80677 /* contrib */ = {
			isa = PBXGroup;
			children = (
				CA2108F71967920200D80677 /* contrib.hpp */,
				CA2108F81967920200D80677 /* retina.hpp */,
			);
			path = contrib;
			sourceTree = "<group>";
		};
		CA2108F91967920200D80677 /* core */ = {
			isa = PBXGroup;
			children = (
				CA2108FA1967920200D80677 /* core.hpp */,
				CA2108FB1967920200D80677 /* core_c.h */,
				CA2108FC1967920200D80677 /* eigen.hpp */,
				CA2108FD1967920200D80677 /* internal.hpp */,
				CA2108FE1967920200D80677 /* mat.hpp */,
				CA2108FF1967920200D80677 /* operations.hpp */,
				CA2109001967920200D80677 /* types_c.h */,
				CA2109011967920200D80677 /* version.hpp */,
				CA2109021967920200D80677 /* wimage.hpp */,
			);
			path = core;
			sourceTree = "<group>";
		};
		CA2109031967920200D80677 /* features2d */ = {
			isa = PBXGroup;
			children = (
				CA2109041967920200D80677 /* features2d.hpp */,
			);
			path = features2d;
			sourceTree = "<group>";
		};
		CA2109051967920200D80677 /* flann */ = {
			isa = PBXGroup;
			children = (
				CA2109061967920200D80677 /* all_indices.h */,
				CA2109071967920200D80677 /* allocator.h */,
				CA2109081967920200D80677 /* any.h */,
				CA2109091967920200D80677 /* autotuned_index.h */,
				CA21090A1967920200D80677 /* composite_index.h */,
				CA21090B1967920200D80677 /* config.h */,
				CA21090C1967920200D80677 /* defines.h */,
				CA21090D1967920200D80677 /* dist.h */,
				CA21090E1967920200D80677 /* dummy.h */,
				CA21090F1967920200D80677 /* dynamic_bitset.h */,
				CA2109101967920200D80677 /* flann.hpp */,
				CA2109111967920200D80677 /* flann_base.hpp */,
				CA2109121967920200D80677 /* general.h */,
				CA2109131967920200D80677 /* ground_truth.h */,
				CA2109141967920200D80677 /* hdf5.h */,
				CA2109151967920200D80677 /* heap.h */,
				CA2109161967920200D80677 /* hierarchical_clustering_index.h */,
				CA2109171967920200D80677 /* index_testing.h */,
				CA2109181967920200D80677 /* kdtree_index.h */,
				CA2109191967920200D80677 /* kdtree_single_index.h */,
				CA21091A1967920200D80677 /* kmeans_index.h */,
				CA21091B1967920200D80677 /* linear_index.h */,
				CA21091C1967920200D80677 /* logger.h */,
				CA21091D1967920200D80677 /* lsh_index.h */,
				CA21091E1967920200D80677 /* lsh_table.h */,
				CA21091F1967920200D80677 /* matrix.h */,
				CA2109201967920200D80677 /* miniflann.hpp */,
				CA2109211967920200D80677 /* nn_index.h */,
				CA2109221967920200D80677 /* object_factory.h */,
				CA2109231967920200D80677 /* params.h */,
				CA2109241967920200D80677 /* random.h */,
				CA2109251967920200D80677 /* result_set.h */,
				CA2109261967920200D80677 /* sampling.h */,
				CA2109271967920200D80677 /* saving.h */,
				CA2109281967920200D80677 /* simplex_downhill.h */,
				CA2109291967920200D80677 /* timer.h */,
			);
			path = flann;
			sourceTree = "<group>";
		};
		CA21092A1967920200D80677 /* gpu */ = {
			isa = PBXGroup;
			children = (
				CA21092B1967920200D80677 /* devmem2d.hpp */,
				CA21092C1967920200D80677 /* gpu.hpp */,
				CA21092D1967920200D80677 /* gpumat.hpp */,
				CA21092E1967920200D80677 /* matrix_operations.hpp */,
				CA21092F1967920200D80677 /* stream_accessor.hpp */,
			);
			path = gpu;
			sourceTree = "<group>";
		};
		CA2109301967920200D80677 /* highgui */ = {
			isa = PBXGroup;
			children = (
				CA2109311967920200D80677 /* highgui.hpp */,
				CA2109321967920200D80677 /* highgui_c.h */,
			);
			path = highgui;
			sourceTree = "<group>";
		};
		CA2109331967920200D80677 /* imgproc */ = {
			isa = PBXGroup;
			children = (
				CA2109341967920200D80677 /* imgproc.hpp */,
				CA2109351967920200D80677 /* imgproc_c.h */,
				CA2109361967920200D80677 /* types_c.h */,
			);
			path = imgproc;
			sourceTree = "<group>";
		};
		CA2109371967920200D80677 /* legacy */ = {
			isa = PBXGroup;
			children = (
				CA2109381967920200D80677 /* blobtrack.hpp */,
				CA2109391967920200D80677 /* compat.hpp */,
				CA21093A1967920200D80677 /* legacy.hpp */,
				CA21093B1967920200D80677 /* streams.hpp */,
			);
			path = legacy;
			sourceTree = "<group>";
		};
		CA21093C1967920200D80677 /* ml */ = {
			isa = PBXGroup;
			children = (
				CA21093D1967920200D80677 /* ml.hpp */,
			);
			path = ml;
			sourceTree = "<group>";
		};
		CA21093E1967920200D80677 /* objdetect */ = {
			isa = PBXGroup;
			children = (
				CA21093F1967920200D80677 /* objdetect.hpp */,
			);
			path = objdetect;
			sourceTree = "<group>";
		};
		CA2109411967920200D80677 /* ts */ = {
			isa = PBXGroup;
			children = (
				CA2109421967920200D80677 /* ts.hpp */,
				CA2109431967920200D80677 /* ts_gtest.h */,
			);
			path = ts;
			sourceTree = "<group>";
		};
		CA2109441967920200D80677 /* video */ = {
			isa = PBXGroup;
			children = (
				CA2109451967920200D80677 /* background_segm.hpp */,
				CA2109461967920200D80677 /* tracking.hpp */,
				CA2109471967920200D80677 /* video.hpp */,
			);
			path = video;
			sourceTree = "<group>";
		};
		CA2109481967920200D80677 /* lib */ = {
			isa = PBXGroup;
			children = (
				CA2109491967920200D80677 /* osx */,
			);
			path = lib;
			sourceTree = "<group>";
		};
		CA2109491967920200D80677 /* osx */ = {
			isa = PBXGroup;
			children = (
				CA21094A1967920200D80677 /* opencv.a */,
			);
			path = osx;
			sourceTree = "<group>";
		};
		CA21096B19679B1900D80677 /* ofxCvFeaturesTracker */ = {
			isa = PBXGroup;
			children = (
				CA21096C19679B1900D80677 /* addon_config.mk */,
				CA21096D19679B1900D80677 /* lib */,
				CA21097019679B1900D80677 /* ofxaddons_thumbnail.png */,
				CA21097119679B1900D80677 /* readme.md */,
				CA21097219679B1900D80677 /* src */,
			);
			path = ofxCvFeaturesTracker;
			sourceTree = "<group>";
		};
		CA21096D19679B1900D80677 /* lib */ = {
			isa = PBXGroup;
			children = (
				CA21096E19679B1900D80677 /* PatternTracker.cpp */,
				CA21096F19679B1900D80677 /* PatternTracker.h */,
			);
			path = lib;
			sourceTree = "<group>";
		};
		CA21097219679B1900D80677 /* src */ = {
			isa = PBXGroup;
			children = (
				CA21097319679B1900D80677 /* ofxCvFeaturesTracker.cpp */,
				CA21097419679B1900D80677 /* ofxCvFeaturesTracker.h */,
				CA21097519679B1900D80677 /* ofxCvFeaturesTrackerThreaded.h */,
			);
			path = src;
			sourceTree = "<group>";
		};
		CA4C300E196791220066B95D /* ofxCvCameraProjectorCalibration */ = {
			isa = PBXGroup;
			children = (
				CA4C300F196791220066B95D /* src */,
			);
			name = ofxCvCameraProjectorCalibration;
			sourceTree = "<group>";
		};
		CA4C300F196791220066B95D /* src */ = {
			isa = PBXGroup;
			children = (
				CA4C3010196791220066B95D /* ofxCvCameraProjectorCalibration.cpp */,
				CA4C3011196791220066B95D /* ofxCvCameraProjectorCalibration.h */,
			);
			name = src;
			path = ../../../addons/ofxCvCameraProjectorCalibration/src;
			sourceTree = "<group>";
		};
		E4328144138ABC890047C5CB /* Products */ = {
			isa = PBXGroup;
			children = (
				E4328148138ABC890047C5CB /* openFrameworksDebug.a */,
			);
			name = Products;
			sourceTree = "<group>";
		};
		E45BE5980E8CC70C009D7055 /* frameworks */ = {
			isa = PBXGroup;
			children = (
				BBAB23CA13894EDB00AA2426 /* 3rd party frameworks */,
				BBAB23C913894ECA00AA2426 /* system frameworks */,
			);
			name = frameworks;
			sourceTree = "<group>";
		};
		E4B69B4A0A3A1720003C02F2 = {
			isa = PBXGroup;
			children = (
				CA21096B19679B1900D80677 /* ofxCvFeaturesTracker */,
				E4B6FCAD0C3E899E008CF71C /* openFrameworks-Info.plist */,
				E4EB6923138AFD0F00A09F29 /* Project.xcconfig */,
				E4B69E1C0A3A1BDC003C02F2 /* src */,
				E4EEC9E9138DF44700A80321 /* openFrameworks */,
				BB4B014C10F69532006C3DED /* addons */,
				E45BE5980E8CC70C009D7055 /* frameworks */,
				E4B69B5B0A3A1756003C02F2 /* example-feature-trackerDebug.app */,
			);
			sourceTree = "<group>";
		};
		E4B69E1C0A3A1BDC003C02F2 /* src */ = {
			isa = PBXGroup;
			children = (
				E4B69E1D0A3A1BDC003C02F2 /* main.cpp */,
				E4B69E1E0A3A1BDC003C02F2 /* testApp.cpp */,
				E4B69E1F0A3A1BDC003C02F2 /* testApp.h */,
			);
			path = src;
			sourceTree = SOURCE_ROOT;
		};
		E4EEC9E9138DF44700A80321 /* openFrameworks */ = {
			isa = PBXGroup;
			children = (
				E4EB691F138AFCF100A09F29 /* CoreOF.xcconfig */,
				E4328143138ABC890047C5CB /* openFrameworksLib.xcodeproj */,
			);
			name = openFrameworks;
			sourceTree = "<group>";
		};
/* End PBXGroup section */

/* Begin PBXNativeTarget section */
		E4B69B5A0A3A1756003C02F2 /* example-feature-tracker */ = {
			isa = PBXNativeTarget;
			buildConfigurationList = E4B69B5F0A3A1757003C02F2 /* Build configuration list for PBXNativeTarget "example-feature-tracker" */;
			buildPhases = (
				E4B69B580A3A1756003C02F2 /* Sources */,
				E4B69B590A3A1756003C02F2 /* Frameworks */,
				E4B6FFFD0C3F9AB9008CF71C /* ShellScript */,
				E4C2427710CC5ABF004149E2 /* CopyFiles */,
			);
			buildRules = (
			);
			dependencies = (
				E4EEB9AC138B136A00A80321 /* PBXTargetDependency */,
			);
			name = "example-feature-tracker";
			productName = myOFApp;
			productReference = E4B69B5B0A3A1756003C02F2 /* example-feature-trackerDebug.app */;
			productType = "com.apple.product-type.application";
		};
/* End PBXNativeTarget section */

/* Begin PBXProject section */
		E4B69B4C0A3A1720003C02F2 /* Project object */ = {
			isa = PBXProject;
			attributes = {
			};
			buildConfigurationList = E4B69B4D0A3A1720003C02F2 /* Build configuration list for PBXProject "example-feature-tracker" */;
			compatibilityVersion = "Xcode 2.4";
			developmentRegion = English;
			hasScannedForEncodings = 0;
			knownRegions = (
				English,
				Japanese,
				French,
				German,
			);
			mainGroup = E4B69B4A0A3A1720003C02F2;
			productRefGroup = E4B69B4A0A3A1720003C02F2;
			projectDirPath = "";
			projectReferences = (
				{
					ProductGroup = E4328144138ABC890047C5CB /* Products */;
					ProjectRef = E4328143138ABC890047C5CB /* openFrameworksLib.xcodeproj */;
				},
			);
			projectRoot = "";
			targets = (
				E4B69B5A0A3A1756003C02F2 /* example-feature-tracker */,
			);
		};
/* End PBXProject section */

/* Begin PBXReferenceProxy section */
		E4328148138ABC890047C5CB /* openFrameworksDebug.a */ = {
			isa = PBXReferenceProxy;
			fileType = archive.ar;
			path = openFrameworksDebug.a;
			remoteRef = E4328147138ABC890047C5CB /* PBXContainerItemProxy */;
			sourceTree = BUILT_PRODUCTS_DIR;
		};
/* End PBXReferenceProxy section */

/* Begin PBXShellScriptBuildPhase section */
		E4B6FFFD0C3F9AB9008CF71C /* ShellScript */ = {
			isa = PBXShellScriptBuildPhase;
			buildActionMask = 2147483647;
			files = (
			);
			inputPaths = (
			);
			outputPaths = (
			);
			runOnlyForDeploymentPostprocessing = 0;
			shellPath = /bin/sh;
			shellScript = "cp -f ../../../libs/fmodex/lib/osx/libfmodex.dylib \"$TARGET_BUILD_DIR/$PRODUCT_NAME.app/Contents/MacOS/libfmodex.dylib\"; install_name_tool -change ./libfmodex.dylib @executable_path/libfmodex.dylib \"$TARGET_BUILD_DIR/$PRODUCT_NAME.app/Contents/MacOS/$PRODUCT_NAME\";";
		};
/* End PBXShellScriptBuildPhase section */

/* Begin PBXSourcesBuildPhase section */
		E4B69B580A3A1756003C02F2 /* Sources */ = {
			isa = PBXSourcesBuildPhase;
			buildActionMask = 2147483647;
			files = (
				CA2108CB196791F400D80677 /* ObjectFinder.cpp in Sources */,
				CA0AF7521970F4BF004CDE32 /* ofxAssimpMeshHelper.cpp in Sources */,
				CA2108CF196791F400D80677 /* Wrappers.cpp in Sources */,
				CA21097719679B1900D80677 /* ofxCvFeaturesTracker.cpp in Sources */,
				E4B69E200A3A1BDC003C02F2 /* main.cpp in Sources */,
				CA21097619679B1900D80677 /* PatternTracker.cpp in Sources */,
				CA0AF7511970F4BF004CDE32 /* ofxAssimpAnimation.cpp in Sources */,
				CA21094D1967920200D80677 /* ofxCvFloatImage.cpp in Sources */,
				E4B69E210A3A1BDC003C02F2 /* testApp.cpp in Sources */,
				CA2108CA196791F400D80677 /* Helpers.cpp in Sources */,
				CA2108C7196791F400D80677 /* ContourFinder.cpp in Sources */,
				CA2108CC196791F400D80677 /* RunningBackground.cpp in Sources */,
				CA2108CD196791F400D80677 /* Tracker.cpp in Sources */,
				CA2108CE196791F400D80677 /* Utilities.cpp in Sources */,
				CA21094C1967920200D80677 /* ofxCvContourFinder.cpp in Sources */,
				CA21094F1967920200D80677 /* ofxCvHaarFinder.cpp in Sources */,
				CA2108C9196791F400D80677 /* Flow.cpp in Sources */,
				CA2108C6196791F400D80677 /* Calibration.cpp in Sources */,
				CA0AF7531970F4BF004CDE32 /* ofxAssimpModelLoader.cpp in Sources */,
				CA2108C8196791F400D80677 /* Distance.cpp in Sources */,
				CA0AF7541970F4BF004CDE32 /* ofxAssimpTexture.cpp in Sources */,
				CA2109501967920200D80677 /* ofxCvImage.cpp in Sources */,
				CA2108C4196791F400D80677 /* ETF.cpp in Sources */,
				CA21094E1967920200D80677 /* ofxCvGrayscaleImage.cpp in Sources */,
				CA21094B1967920200D80677 /* ofxCvColorImage.cpp in Sources */,
				CA2108C5196791F400D80677 /* fdog.cpp in Sources */,
				CA2109511967920200D80677 /* ofxCvShortImage.cpp in Sources */,
				CA4C3012196791220066B95D /* ofxCvCameraProjectorCalibration.cpp in Sources */,
			);
			runOnlyForDeploymentPostprocessing = 0;
		};
/* End PBXSourcesBuildPhase section */

/* Begin PBXTargetDependency section */
		E4EEB9AC138B136A00A80321 /* PBXTargetDependency */ = {
			isa = PBXTargetDependency;
			name = openFrameworks;
			targetProxy = E4EEB9AB138B136A00A80321 /* PBXContainerItemProxy */;
		};
/* End PBXTargetDependency section */

/* Begin XCBuildConfiguration section */
		E4B69B4E0A3A1720003C02F2 /* Debug */ = {
			isa = XCBuildConfiguration;
			baseConfigurationReference = E4EB6923138AFD0F00A09F29 /* Project.xcconfig */;
			buildSettings = {
				ARCHS = "$(NATIVE_ARCH)";
				CONFIGURATION_BUILD_DIR = "$(SRCROOT)/bin/";
				COPY_PHASE_STRIP = NO;
				DEAD_CODE_STRIPPING = YES;
				GCC_AUTO_VECTORIZATION = YES;
				GCC_ENABLE_SSE3_EXTENSIONS = YES;
				GCC_ENABLE_SUPPLEMENTAL_SSE3_INSTRUCTIONS = YES;
				GCC_INLINES_ARE_PRIVATE_EXTERN = NO;
				GCC_OPTIMIZATION_LEVEL = 0;
				GCC_SYMBOLS_PRIVATE_EXTERN = NO;
				GCC_WARN_ABOUT_DEPRECATED_FUNCTIONS = YES;
				GCC_WARN_ABOUT_INVALID_OFFSETOF_MACRO = NO;
				GCC_WARN_ALLOW_INCOMPLETE_PROTOCOL = NO;
				GCC_WARN_UNINITIALIZED_AUTOS = NO;
				GCC_WARN_UNUSED_VALUE = NO;
				GCC_WARN_UNUSED_VARIABLE = NO;
				HEADER_SEARCH_PATHS = (
					"$(OF_CORE_HEADERS)",
					../../../addons/ofxCv/libs,
					../../../addons/ofxCv/libs/CLD,
					../../../addons/ofxCv/libs/CLD/include,
					../../../addons/ofxCv/libs/CLD/include/CLD,
					../../../addons/ofxCv/libs/CLD/src,
					../../../addons/ofxCv/libs/ofxCv,
					../../../addons/ofxCv/libs/ofxCv/include,
					../../../addons/ofxCv/libs/ofxCv/include/ofxCv,
					../../../addons/ofxCv/libs/ofxCv/src,
					../../../addons/ofxCv/src,
					../../../addons/ofxOpenCv/libs,
					../../../addons/ofxOpenCv/libs/opencv,
					../../../addons/ofxOpenCv/libs/opencv/include,
					../../../addons/ofxOpenCv/libs/opencv/include/opencv,
					../../../addons/ofxOpenCv/libs/opencv/include/opencv2,
					../../../addons/ofxOpenCv/libs/opencv/include/opencv2/calib3d,
					../../../addons/ofxOpenCv/libs/opencv/include/opencv2/contrib,
					../../../addons/ofxOpenCv/libs/opencv/include/opencv2/core,
					../../../addons/ofxOpenCv/libs/opencv/include/opencv2/features2d,
					../../../addons/ofxOpenCv/libs/opencv/include/opencv2/flann,
					../../../addons/ofxOpenCv/libs/opencv/include/opencv2/gpu,
					../../../addons/ofxOpenCv/libs/opencv/include/opencv2/highgui,
					../../../addons/ofxOpenCv/libs/opencv/include/opencv2/imgproc,
					../../../addons/ofxOpenCv/libs/opencv/include/opencv2/legacy,
					../../../addons/ofxOpenCv/libs/opencv/include/opencv2/ml,
					../../../addons/ofxOpenCv/libs/opencv/include/opencv2/objdetect,
					../../../addons/ofxOpenCv/libs/opencv/include/opencv2/ts,
					../../../addons/ofxOpenCv/libs/opencv/include/opencv2/video,
					../../../addons/ofxOpenCv/libs/opencv/lib,
					../../../addons/ofxOpenCv/libs/opencv/lib/osx,
					../../../addons/ofxOpenCv/src,
				);
				OTHER_CPLUSPLUSFLAGS = (
					"-D__MACOSX_CORE__",
					"-lpthread",
					"-mtune=native",
				);
				OTHER_LDFLAGS = (
					"$(OF_CORE_LIBS)",
					../../../addons/ofxOpenCv/libs/opencv/lib/osx/opencv.a,
				);
			};
			name = Debug;
		};
		E4B69B4F0A3A1720003C02F2 /* Release */ = {
			isa = XCBuildConfiguration;
			baseConfigurationReference = E4EB6923138AFD0F00A09F29 /* Project.xcconfig */;
			buildSettings = {
				ARCHS = "$(NATIVE_ARCH)";
				CONFIGURATION_BUILD_DIR = "$(SRCROOT)/bin/";
				COPY_PHASE_STRIP = YES;
				DEAD_CODE_STRIPPING = YES;
				GCC_AUTO_VECTORIZATION = YES;
				GCC_ENABLE_SSE3_EXTENSIONS = YES;
				GCC_ENABLE_SUPPLEMENTAL_SSE3_INSTRUCTIONS = YES;
				GCC_INLINES_ARE_PRIVATE_EXTERN = NO;
				GCC_OPTIMIZATION_LEVEL = 3;
				GCC_SYMBOLS_PRIVATE_EXTERN = NO;
				GCC_UNROLL_LOOPS = YES;
				GCC_WARN_ABOUT_DEPRECATED_FUNCTIONS = YES;
				GCC_WARN_ABOUT_INVALID_OFFSETOF_MACRO = NO;
				GCC_WARN_ALLOW_INCOMPLETE_PROTOCOL = NO;
				GCC_WARN_UNINITIALIZED_AUTOS = NO;
				GCC_WARN_UNUSED_VALUE = NO;
				GCC_WARN_UNUSED_VARIABLE = NO;
				HEADER_SEARCH_PATHS = (
					"$(OF_CORE_HEADERS)",
					../../../addons/ofxCv/libs,
					../../../addons/ofxCv/libs/CLD,
					../../../addons/ofxCv/libs/CLD/include,
					../../../addons/ofxCv/libs/CLD/include/CLD,
					../../../addons/ofxCv/libs/CLD/src,
					../../../addons/ofxCv/libs/ofxCv,
					../../../addons/ofxCv/libs/ofxCv/include,
					../../../addons/ofxCv/libs/ofxCv/include/ofxCv,
					../../../addons/ofxCv/libs/ofxCv/src,
					../../../addons/ofxCv/src,
					../../../addons/ofxOpenCv/libs,
					../../../addons/ofxOpenCv/libs/opencv,
					../../../addons/ofxOpenCv/libs/opencv/include,
					../../../addons/ofxOpenCv/libs/opencv/include/opencv,
					../../../addons/ofxOpenCv/libs/opencv/include/opencv2,
					../../../addons/ofxOpenCv/libs/opencv/include/opencv2/calib3d,
					../../../addons/ofxOpenCv/libs/opencv/include/opencv2/contrib,
					../../../addons/ofxOpenCv/libs/opencv/include/opencv2/core,
					../../../addons/ofxOpenCv/libs/opencv/include/opencv2/features2d,
					../../../addons/ofxOpenCv/libs/opencv/include/opencv2/flann,
					../../../addons/ofxOpenCv/libs/opencv/include/opencv2/gpu,
					../../../addons/ofxOpenCv/libs/opencv/include/opencv2/highgui,
					../../../addons/ofxOpenCv/libs/opencv/include/opencv2/imgproc,
					../../../addons/ofxOpenCv/libs/opencv/include/opencv2/legacy,
					../../../addons/ofxOpenCv/libs/opencv/include/opencv2/ml,
					../../../addons/ofxOpenCv/libs/opencv/include/opencv2/objdetect,
					../../../addons/ofxOpenCv/libs/opencv/include/opencv2/ts,
					../../../addons/ofxOpenCv/libs/opencv/include/opencv2/video,
					../../../addons/ofxOpenCv/libs/opencv/lib,
					../../../addons/ofxOpenCv/libs/opencv/lib/osx,
					../../../addons/ofxOpenCv/src,
				);
				OTHER_CPLUSPLUSFLAGS = (
					"-D__MACOSX_CORE__",
					"-lpthread",
					"-mtune=native",
				);
				OTHER_LDFLAGS = (
					"$(OF_CORE_LIBS)",
					../../../addons/ofxOpenCv/libs/opencv/lib/osx/opencv.a,
				);
			};
			name = Release;
		};
		E4B69B600A3A1757003C02F2 /* Debug */ = {
			isa = XCBuildConfiguration;
			baseConfigurationReference = E4EB6923138AFD0F00A09F29 /* Project.xcconfig */;
			buildSettings = {
				COPY_PHASE_STRIP = NO;
				FRAMEWORK_SEARCH_PATHS = (
					"$(inherited)",
					"$(FRAMEWORK_SEARCH_PATHS_QUOTED_FOR_TARGET_1)",
				);
				FRAMEWORK_SEARCH_PATHS_QUOTED_FOR_TARGET_1 = "\"$(SRCROOT)/../../../libs/glut/lib/osx\"";
				GCC_DYNAMIC_NO_PIC = NO;
				GCC_ENABLE_FIX_AND_CONTINUE = YES;
				GCC_GENERATE_DEBUGGING_SYMBOLS = YES;
				GCC_MODEL_TUNING = NONE;
				GCC_PRECOMPILE_PREFIX_HEADER = YES;
				GCC_PREFIX_HEADER = "$(SYSTEM_LIBRARY_DIR)/Frameworks/Carbon.framework/Headers/Carbon.h";
				INFOPLIST_FILE = "openFrameworks-Info.plist";
				INSTALL_PATH = "$(HOME)/Applications";
				LIBRARY_SEARCH_PATHS = (
					"$(inherited)",
					"$(LIBRARY_SEARCH_PATHS_QUOTED_FOR_TARGET_1)",
					"$(LIBRARY_SEARCH_PATHS_QUOTED_FOR_TARGET_2)",
					"$(LIBRARY_SEARCH_PATHS_QUOTED_FOR_TARGET_3)",
					"$(LIBRARY_SEARCH_PATHS_QUOTED_FOR_TARGET_4)",
					"$(LIBRARY_SEARCH_PATHS_QUOTED_FOR_TARGET_5)",
					"$(LIBRARY_SEARCH_PATHS_QUOTED_FOR_TARGET_6)",
					"$(LIBRARY_SEARCH_PATHS_QUOTED_FOR_TARGET_7)",
					"$(LIBRARY_SEARCH_PATHS_QUOTED_FOR_TARGET_8)",
					"$(LIBRARY_SEARCH_PATHS_QUOTED_FOR_TARGET_9)",
					"$(LIBRARY_SEARCH_PATHS_QUOTED_FOR_TARGET_10)",
					"$(LIBRARY_SEARCH_PATHS_QUOTED_FOR_TARGET_11)",
					"$(LIBRARY_SEARCH_PATHS_QUOTED_FOR_TARGET_12)",
					"$(LIBRARY_SEARCH_PATHS_QUOTED_FOR_TARGET_13)",
					"$(LIBRARY_SEARCH_PATHS_QUOTED_FOR_TARGET_14)",
					"$(LIBRARY_SEARCH_PATHS_QUOTED_FOR_TARGET_15)",
					"$(LIBRARY_SEARCH_PATHS_QUOTED_FOR_TARGET_2)",
					"$(LIBRARY_SEARCH_PATHS_QUOTED_FOR_TARGET_3)",
					"$(LIBRARY_SEARCH_PATHS_QUOTED_FOR_TARGET_7)",
					"$(LIBRARY_SEARCH_PATHS_QUOTED_FOR_TARGET_8)",
					"$(LIBRARY_SEARCH_PATHS_QUOTED_FOR_TARGET_9)",
					"$(LIBRARY_SEARCH_PATHS_QUOTED_FOR_TARGET_10)",
					"$(LIBRARY_SEARCH_PATHS_QUOTED_FOR_TARGET_11)",
					"$(LIBRARY_SEARCH_PATHS_QUOTED_FOR_TARGET_12)",
					"$(LIBRARY_SEARCH_PATHS_QUOTED_FOR_TARGET_13)",
					"$(LIBRARY_SEARCH_PATHS_QUOTED_FOR_TARGET_16)",
					"$(LIBRARY_SEARCH_PATHS_QUOTED_FOR_TARGET_17)",
					"$(LIBRARY_SEARCH_PATHS_QUOTED_FOR_TARGET_18)",
					"$(LIBRARY_SEARCH_PATHS_QUOTED_FOR_TARGET_19)",
					"$(LIBRARY_SEARCH_PATHS_QUOTED_FOR_TARGET_20)",
					"$(LIBRARY_SEARCH_PATHS_QUOTED_FOR_TARGET_21)",
					"$(LIBRARY_SEARCH_PATHS_QUOTED_FOR_TARGET_22)",
					"$(LIBRARY_SEARCH_PATHS_QUOTED_FOR_TARGET_23)",
					"$(LIBRARY_SEARCH_PATHS_QUOTED_FOR_TARGET_24)",
					"$(LIBRARY_SEARCH_PATHS_QUOTED_FOR_TARGET_25)",
					"$(LIBRARY_SEARCH_PATHS_QUOTED_FOR_TARGET_26)",
					"$(LIBRARY_SEARCH_PATHS_QUOTED_FOR_TARGET_27)",
					"$(LIBRARY_SEARCH_PATHS_QUOTED_FOR_TARGET_28)",
					"$(LIBRARY_SEARCH_PATHS_QUOTED_FOR_TARGET_29)",
					"$(LIBRARY_SEARCH_PATHS_QUOTED_FOR_TARGET_30)",
					"$(LIBRARY_SEARCH_PATHS_QUOTED_FOR_TARGET_31)",
					"$(LIBRARY_SEARCH_PATHS_QUOTED_FOR_TARGET_32)",
					"$(LIBRARY_SEARCH_PATHS_QUOTED_FOR_TARGET_33)",
					"$(LIBRARY_SEARCH_PATHS_QUOTED_FOR_TARGET_34)",
					"$(LIBRARY_SEARCH_PATHS_QUOTED_FOR_TARGET_35)",
					"$(LIBRARY_SEARCH_PATHS_QUOTED_FOR_TARGET_36)",
					"$(LIBRARY_SEARCH_PATHS_QUOTED_FOR_TARGET_37)",
					"$(LIBRARY_SEARCH_PATHS_QUOTED_FOR_TARGET_38)",
					"$(LIBRARY_SEARCH_PATHS_QUOTED_FOR_TARGET_39)",
					"$(LIBRARY_SEARCH_PATHS_QUOTED_FOR_TARGET_40)",
					"$(LIBRARY_SEARCH_PATHS_QUOTED_FOR_TARGET_41)",
					"$(LIBRARY_SEARCH_PATHS_QUOTED_FOR_TARGET_42)",
					"$(LIBRARY_SEARCH_PATHS_QUOTED_FOR_TARGET_43)",
					"$(LIBRARY_SEARCH_PATHS_QUOTED_FOR_TARGET_44)",
					"$(LIBRARY_SEARCH_PATHS_QUOTED_FOR_TARGET_45)",
					"$(LIBRARY_SEARCH_PATHS_QUOTED_FOR_TARGET_46)",
					"$(LIBRARY_SEARCH_PATHS_QUOTED_FOR_TARGET_47)",
					"$(LIBRARY_SEARCH_PATHS_QUOTED_FOR_TARGET_48)",
					"$(LIBRARY_SEARCH_PATHS_QUOTED_FOR_TARGET_49)",
					"$(LIBRARY_SEARCH_PATHS_QUOTED_FOR_TARGET_50)",
					"$(LIBRARY_SEARCH_PATHS_QUOTED_FOR_TARGET_51)",
					"$(LIBRARY_SEARCH_PATHS_QUOTED_FOR_TARGET_52)",
					/Users/kikko/Dev/cpp/openFrameworks/git/addons/ofxOpenCv/libs/opencv/lib/android/armeabi,
					"/Users/kikko/Dev/cpp/openFrameworks/git/addons/ofxOpenCv/libs/opencv/lib/android/armeabi-v7a",
					/Users/kikko/Dev/cpp/openFrameworks/git/addons/ofxOpenCv/libs/opencv/lib/ios,
					/Users/kikko/Dev/cpp/openFrameworks/git/addons/ofxOpenCv/libs/opencv/lib/linux,
					/Users/kikko/Dev/cpp/openFrameworks/git/addons/ofxOpenCv/libs/opencv/lib/linux64,
					/Users/kikko/Dev/cpp/openFrameworks/git/addons/ofxOpenCv/libs/opencv/lib/linuxarmv6l,
					/Users/kikko/Dev/cpp/openFrameworks/git/addons/ofxOpenCv/libs/opencv/lib/linuxarmv7l,
					/Users/kikko/Dev/cpp/openFrameworks/git/addons/ofxOpenCv/libs/opencv/lib/osx,
					/Users/kikko/Dev/cpp/openFrameworks/git/addons/ofxOpenCv/libs/opencv/lib/vs,
					/Users/kikko/Dev/cpp/openFrameworks/git/addons/ofxOpenCv/libs/opencv/lib/win_cb,
					/Users/jessicapeter/Documents/openframeworks/addons/ofxOpenCv/libs/opencv/lib/osx,
					/Users/jessicapeter/Documents/openframeworks/addons/ofxAssimpModelLoader/libs/assimp/lib/osx,
				);
				MACOSX_DEPLOYMENT_TARGET = 10.8;
				PREBINDING = NO;
				PRODUCT_NAME = "example-feature-trackerDebug";
				USER_HEADER_SEARCH_PATHS = "../../../addons/ofxCv/libs/ofxCv/include/ ../../../addons/ofxOpenCv/libs/opencv/include/ ../../../addons/ofxCv/libs/CLD/include/ ../../../addons/ofxAssimpModelLoader/libs/assimp/include/";
				WRAPPER_EXTENSION = app;
			};
			name = Debug;
		};
		E4B69B610A3A1757003C02F2 /* Release */ = {
			isa = XCBuildConfiguration;
			baseConfigurationReference = E4EB6923138AFD0F00A09F29 /* Project.xcconfig */;
			buildSettings = {
				COPY_PHASE_STRIP = YES;
				FRAMEWORK_SEARCH_PATHS = (
					"$(inherited)",
					"$(FRAMEWORK_SEARCH_PATHS_QUOTED_FOR_TARGET_1)",
				);
				FRAMEWORK_SEARCH_PATHS_QUOTED_FOR_TARGET_1 = "\"$(SRCROOT)/../../../libs/glut/lib/osx\"";
				GCC_ENABLE_FIX_AND_CONTINUE = NO;
				GCC_GENERATE_DEBUGGING_SYMBOLS = YES;
				GCC_MODEL_TUNING = NONE;
				GCC_PRECOMPILE_PREFIX_HEADER = YES;
				GCC_PREFIX_HEADER = "$(SYSTEM_LIBRARY_DIR)/Frameworks/Carbon.framework/Headers/Carbon.h";
				INFOPLIST_FILE = "openFrameworks-Info.plist";
				INSTALL_PATH = "$(HOME)/Applications";
				LIBRARY_SEARCH_PATHS = (
					"$(inherited)",
					"$(LIBRARY_SEARCH_PATHS_QUOTED_FOR_TARGET_1)",
					"$(LIBRARY_SEARCH_PATHS_QUOTED_FOR_TARGET_2)",
					"$(LIBRARY_SEARCH_PATHS_QUOTED_FOR_TARGET_3)",
					"$(LIBRARY_SEARCH_PATHS_QUOTED_FOR_TARGET_4)",
					"$(LIBRARY_SEARCH_PATHS_QUOTED_FOR_TARGET_5)",
					"$(LIBRARY_SEARCH_PATHS_QUOTED_FOR_TARGET_6)",
					"$(LIBRARY_SEARCH_PATHS_QUOTED_FOR_TARGET_7)",
					"$(LIBRARY_SEARCH_PATHS_QUOTED_FOR_TARGET_8)",
					"$(LIBRARY_SEARCH_PATHS_QUOTED_FOR_TARGET_9)",
					"$(LIBRARY_SEARCH_PATHS_QUOTED_FOR_TARGET_10)",
					"$(LIBRARY_SEARCH_PATHS_QUOTED_FOR_TARGET_11)",
					"$(LIBRARY_SEARCH_PATHS_QUOTED_FOR_TARGET_12)",
					"$(LIBRARY_SEARCH_PATHS_QUOTED_FOR_TARGET_13)",
					"$(LIBRARY_SEARCH_PATHS_QUOTED_FOR_TARGET_14)",
					"$(LIBRARY_SEARCH_PATHS_QUOTED_FOR_TARGET_15)",
					"$(LIBRARY_SEARCH_PATHS_QUOTED_FOR_TARGET_2)",
					"$(LIBRARY_SEARCH_PATHS_QUOTED_1)",
					"$(LIBRARY_SEARCH_PATHS_QUOTED_FOR_TARGET_3)",
					"$(LIBRARY_SEARCH_PATHS_QUOTED_FOR_TARGET_7)",
					"$(LIBRARY_SEARCH_PATHS_QUOTED_FOR_TARGET_8)",
					"$(LIBRARY_SEARCH_PATHS_QUOTED_FOR_TARGET_9)",
					"$(LIBRARY_SEARCH_PATHS_QUOTED_FOR_TARGET_10)",
					"$(LIBRARY_SEARCH_PATHS_QUOTED_FOR_TARGET_11)",
					"$(LIBRARY_SEARCH_PATHS_QUOTED_FOR_TARGET_12)",
					"$(LIBRARY_SEARCH_PATHS_QUOTED_FOR_TARGET_13)",
					"$(LIBRARY_SEARCH_PATHS_QUOTED_FOR_TARGET_16)",
					"$(LIBRARY_SEARCH_PATHS_QUOTED_FOR_TARGET_17)",
					"$(LIBRARY_SEARCH_PATHS_QUOTED_FOR_TARGET_18)",
					"$(LIBRARY_SEARCH_PATHS_QUOTED_FOR_TARGET_19)",
					"$(LIBRARY_SEARCH_PATHS_QUOTED_FOR_TARGET_20)",
					"$(LIBRARY_SEARCH_PATHS_QUOTED_FOR_TARGET_21)",
					"$(LIBRARY_SEARCH_PATHS_QUOTED_FOR_TARGET_22)",
					"$(LIBRARY_SEARCH_PATHS_QUOTED_FOR_TARGET_23)",
					"$(LIBRARY_SEARCH_PATHS_QUOTED_FOR_TARGET_24)",
					"$(LIBRARY_SEARCH_PATHS_QUOTED_FOR_TARGET_25)",
					"$(LIBRARY_SEARCH_PATHS_QUOTED_FOR_TARGET_26)",
					"$(LIBRARY_SEARCH_PATHS_QUOTED_FOR_TARGET_27)",
					"$(LIBRARY_SEARCH_PATHS_QUOTED_FOR_TARGET_28)",
					"$(LIBRARY_SEARCH_PATHS_QUOTED_FOR_TARGET_29)",
					"$(LIBRARY_SEARCH_PATHS_QUOTED_FOR_TARGET_30)",
					"$(LIBRARY_SEARCH_PATHS_QUOTED_FOR_TARGET_31)",
					"$(LIBRARY_SEARCH_PATHS_QUOTED_FOR_TARGET_32)",
					"$(LIBRARY_SEARCH_PATHS_QUOTED_FOR_TARGET_33)",
					"$(LIBRARY_SEARCH_PATHS_QUOTED_FOR_TARGET_34)",
					"$(LIBRARY_SEARCH_PATHS_QUOTED_FOR_TARGET_35)",
					"$(LIBRARY_SEARCH_PATHS_QUOTED_FOR_TARGET_36)",
					"$(LIBRARY_SEARCH_PATHS_QUOTED_FOR_TARGET_37)",
					"$(LIBRARY_SEARCH_PATHS_QUOTED_FOR_TARGET_38)",
					"$(LIBRARY_SEARCH_PATHS_QUOTED_FOR_TARGET_39)",
					"$(LIBRARY_SEARCH_PATHS_QUOTED_FOR_TARGET_40)",
					"$(LIBRARY_SEARCH_PATHS_QUOTED_FOR_TARGET_41)",
					"$(LIBRARY_SEARCH_PATHS_QUOTED_FOR_TARGET_42)",
					"$(LIBRARY_SEARCH_PATHS_QUOTED_FOR_TARGET_43)",
					"$(LIBRARY_SEARCH_PATHS_QUOTED_FOR_TARGET_44)",
					"$(LIBRARY_SEARCH_PATHS_QUOTED_FOR_TARGET_45)",
					"$(LIBRARY_SEARCH_PATHS_QUOTED_FOR_TARGET_46)",
					"$(LIBRARY_SEARCH_PATHS_QUOTED_FOR_TARGET_47)",
					"$(LIBRARY_SEARCH_PATHS_QUOTED_FOR_TARGET_48)",
					"$(LIBRARY_SEARCH_PATHS_QUOTED_FOR_TARGET_49)",
					"$(LIBRARY_SEARCH_PATHS_QUOTED_FOR_TARGET_50)",
					"$(LIBRARY_SEARCH_PATHS_QUOTED_FOR_TARGET_51)",
					/Users/kikko/Dev/cpp/openFrameworks/git/addons/ofxOpenCv/libs/opencv/lib/android/armeabi,
					"/Users/kikko/Dev/cpp/openFrameworks/git/addons/ofxOpenCv/libs/opencv/lib/android/armeabi-v7a",
					/Users/kikko/Dev/cpp/openFrameworks/git/addons/ofxOpenCv/libs/opencv/lib/ios,
					/Users/kikko/Dev/cpp/openFrameworks/git/addons/ofxOpenCv/libs/opencv/lib/linux,
					/Users/kikko/Dev/cpp/openFrameworks/git/addons/ofxOpenCv/libs/opencv/lib/linux64,
					/Users/kikko/Dev/cpp/openFrameworks/git/addons/ofxOpenCv/libs/opencv/lib/linuxarmv6l,
					/Users/kikko/Dev/cpp/openFrameworks/git/addons/ofxOpenCv/libs/opencv/lib/linuxarmv7l,
					/Users/kikko/Dev/cpp/openFrameworks/git/addons/ofxOpenCv/libs/opencv/lib/osx,
					/Users/kikko/Dev/cpp/openFrameworks/git/addons/ofxOpenCv/libs/opencv/lib/vs,
					/Users/kikko/Dev/cpp/openFrameworks/git/addons/ofxOpenCv/libs/opencv/lib/win_cb,
					/Users/jessicapeter/Documents/openframeworks/addons/ofxOpenCv/libs/opencv/lib/osx,
					/Users/jessicapeter/Documents/openframeworks/addons/ofxAssimpModelLoader/libs/assimp/lib/osx,
				);
				MACOSX_DEPLOYMENT_TARGET = 10.8;
				PREBINDING = NO;
				PRODUCT_NAME = "example-feature-tracker";
				USER_HEADER_SEARCH_PATHS = "../../../addons/ofxCv/libs/ofxCv/include/ ../../../addons/ofxOpenCv/libs/opencv/include/ ../../../addons/ofxCv/libs/CLD/include/ ../../../addons/ofxAssimpModelLoader/libs/assimp/include/";
				WRAPPER_EXTENSION = app;
			};
			name = Release;
		};
/* End XCBuildConfiguration section */

/* Begin XCConfigurationList section */
		E4B69B4D0A3A1720003C02F2 /* Build configuration list for PBXProject "example-feature-tracker" */ = {
			isa = XCConfigurationList;
			buildConfigurations = (
				E4B69B4E0A3A1720003C02F2 /* Debug */,
				E4B69B4F0A3A1720003C02F2 /* Release */,
			);
			defaultConfigurationIsVisible = 0;
			defaultConfigurationName = Release;
		};
		E4B69B5F0A3A1757003C02F2 /* Build configuration list for PBXNativeTarget "example-feature-tracker" */ = {
			isa = XCConfigurationList;
			buildConfigurations = (
				E4B69B600A3A1757003C02F2 /* Debug */,
				E4B69B610A3A1757003C02F2 /* Release */,
			);
			defaultConfigurationIsVisible = 0;
			defaultConfigurationName = Release;
		};
/* End XCConfigurationList section */
	};
	rootObject = E4B69B4C0A3A1720003C02F2 /* Project object */;
}
